// !$*UTF8*$!
{
	archiveVersion = 1;
	classes = {
	};
	objectVersion = 55;
	objects = {

/* Begin PBXBuildFile section */
		3D13A65427960DD6008FDC42 /* LoanModel.swift in Sources */ = {isa = PBXBuildFile; fileRef = 3D13A65327960DD6008FDC42 /* LoanModel.swift */; };
		3D352D8F27709993000F8148 /* LentItemModel.swift in Sources */ = {isa = PBXBuildFile; fileRef = 3D352D8E27709993000F8148 /* LentItemModel.swift */; };
		3D4FD96F2793033000B52F3C /* BorrowerModel.swift in Sources */ = {isa = PBXBuildFile; fileRef = 3D4FD96E2793033000B52F3C /* BorrowerModel.swift */; };
		3D4FD9712793092600B52F3C /* BorrowerVM.swift in Sources */ = {isa = PBXBuildFile; fileRef = 3D4FD9702793092600B52F3C /* BorrowerVM.swift */; };
		3D4FD975279365B800B52F3C /* AlertModel.swift in Sources */ = {isa = PBXBuildFile; fileRef = 3D4FD974279365B800B52F3C /* AlertModel.swift */; };
		3D4FD97A279379E200B52F3C /* Lentit-InfoPlist.strings in Resources */ = {isa = PBXBuildFile; fileRef = 3D4FD978279379E200B52F3C /* Lentit-InfoPlist.strings */; };
		3D4FD97D279379E200B52F3C /* Localizable.strings in Resources */ = {isa = PBXBuildFile; fileRef = 3D4FD97B279379E200B52F3C /* Localizable.strings */; };
		3D54BDE42794A920001DF0AD /* ItemDetailView.swift in Sources */ = {isa = PBXBuildFile; fileRef = 3D54BDE32794A920001DF0AD /* ItemDetailView.swift */; };
		3D5551F22770E9300007BE3E /* DataStoreModel.swift in Sources */ = {isa = PBXBuildFile; fileRef = 3D5551F12770E9300007BE3E /* DataStoreModel.swift */; };
		3D5901D7276FC92500373871 /* LentitApp.swift in Sources */ = {isa = PBXBuildFile; fileRef = 3D5901D6276FC92500373871 /* LentitApp.swift */; };
		3D5901D9276FC92500373871 /* ContentView.swift in Sources */ = {isa = PBXBuildFile; fileRef = 3D5901D8276FC92500373871 /* ContentView.swift */; };
		3D5901DB276FC92700373871 /* Assets.xcassets in Resources */ = {isa = PBXBuildFile; fileRef = 3D5901DA276FC92700373871 /* Assets.xcassets */; };
		3D5901DE276FC92700373871 /* Preview Assets.xcassets in Resources */ = {isa = PBXBuildFile; fileRef = 3D5901DD276FC92700373871 /* Preview Assets.xcassets */; };
		3D5901E8276FC92700373871 /* LentitTests.swift in Sources */ = {isa = PBXBuildFile; fileRef = 3D5901E7276FC92700373871 /* LentitTests.swift */; };
		3D5901F2276FC92700373871 /* LentitUITests.swift in Sources */ = {isa = PBXBuildFile; fileRef = 3D5901F1276FC92700373871 /* LentitUITests.swift */; };
		3D5901F4276FC92700373871 /* LentitUITestsLaunchTests.swift in Sources */ = {isa = PBXBuildFile; fileRef = 3D5901F3276FC92700373871 /* LentitUITestsLaunchTests.swift */; };
		3D590204276FD16100373871 /* LoanListView.swift in Sources */ = {isa = PBXBuildFile; fileRef = 3D590203276FD16100373871 /* LoanListView.swift */; };
		3D590206276FD36000373871 /* LentItemVM.swift in Sources */ = {isa = PBXBuildFile; fileRef = 3D590205276FD36000373871 /* LentItemVM.swift */; };
		3D590208276FD91F00373871 /* LoanDetailView.swift in Sources */ = {isa = PBXBuildFile; fileRef = 3D590207276FD91F00373871 /* LoanDetailView.swift */; };
		3D59020A276FDDF200373871 /* SidebarMenuView.swift in Sources */ = {isa = PBXBuildFile; fileRef = 3D590209276FDDF200373871 /* SidebarMenuView.swift */; };
		3D86AEAA2776042300FF4803 /* ItemCategoryModel.swift in Sources */ = {isa = PBXBuildFile; fileRef = 3D86AEA92776042300FF4803 /* ItemCategoryModel.swift */; };
		3DD36F032771E1DE002C333C /* LentItemListVM.swift in Sources */ = {isa = PBXBuildFile; fileRef = 3DD36F022771E1DE002C333C /* LentItemListVM.swift */; };
		3DDE13E127945C3C00EBB6E7 /* SheetModel.swift in Sources */ = {isa = PBXBuildFile; fileRef = 3DDE13E027945C3C00EBB6E7 /* SheetModel.swift */; };
		3DDE13E327945D5C00EBB6E7 /* BorrowersListView.swift in Sources */ = {isa = PBXBuildFile; fileRef = 3DDE13E227945D5C00EBB6E7 /* BorrowersListView.swift */; };
		3DF022552796FCEB00211124 /* LoanListVM.swift in Sources */ = {isa = PBXBuildFile; fileRef = 3DF022542796FCEB00211124 /* LoanListVM.swift */; };
		3DF022572796FE2B00211124 /* LoanVM.swift in Sources */ = {isa = PBXBuildFile; fileRef = 3DF022562796FE2B00211124 /* LoanVM.swift */; };
/* End PBXBuildFile section */

/* Begin PBXContainerItemProxy section */
		3D5901E4276FC92700373871 /* PBXContainerItemProxy */ = {
			isa = PBXContainerItemProxy;
			containerPortal = 3D5901CB276FC92500373871 /* Project object */;
			proxyType = 1;
			remoteGlobalIDString = 3D5901D2276FC92500373871;
			remoteInfo = LendingLogbook;
		};
		3D5901EE276FC92700373871 /* PBXContainerItemProxy */ = {
			isa = PBXContainerItemProxy;
			containerPortal = 3D5901CB276FC92500373871 /* Project object */;
			proxyType = 1;
			remoteGlobalIDString = 3D5901D2276FC92500373871;
			remoteInfo = LendingLogbook;
		};
/* End PBXContainerItemProxy section */

/* Begin PBXFileReference section */
		3D13A65327960DD6008FDC42 /* LoanModel.swift */ = {isa = PBXFileReference; lastKnownFileType = sourcecode.swift; path = LoanModel.swift; sourceTree = "<group>"; };
		3D352D8E27709993000F8148 /* LentItemModel.swift */ = {isa = PBXFileReference; lastKnownFileType = sourcecode.swift; path = LentItemModel.swift; sourceTree = "<group>"; };
		3D4FD96E2793033000B52F3C /* BorrowerModel.swift */ = {isa = PBXFileReference; lastKnownFileType = sourcecode.swift; path = BorrowerModel.swift; sourceTree = "<group>"; };
		3D4FD9702793092600B52F3C /* BorrowerVM.swift */ = {isa = PBXFileReference; lastKnownFileType = sourcecode.swift; path = BorrowerVM.swift; sourceTree = "<group>"; };
		3D4FD974279365B800B52F3C /* AlertModel.swift */ = {isa = PBXFileReference; lastKnownFileType = sourcecode.swift; path = AlertModel.swift; sourceTree = "<group>"; };
		3D4FD979279379E200B52F3C /* fr */ = {isa = PBXFileReference; lastKnownFileType = text.plist.strings; name = fr; path = "fr.lproj/Lentit-InfoPlist.strings"; sourceTree = "<group>"; };
		3D4FD97C279379E200B52F3C /* fr */ = {isa = PBXFileReference; lastKnownFileType = text.plist.strings; name = fr; path = fr.lproj/Localizable.strings; sourceTree = "<group>"; };
		3D54BDE32794A920001DF0AD /* ItemDetailView.swift */ = {isa = PBXFileReference; lastKnownFileType = sourcecode.swift; path = ItemDetailView.swift; sourceTree = "<group>"; };
		3D5551F12770E9300007BE3E /* DataStoreModel.swift */ = {isa = PBXFileReference; lastKnownFileType = sourcecode.swift; path = DataStoreModel.swift; sourceTree = "<group>"; };
		3D5901D3276FC92500373871 /* Lentit.app */ = {isa = PBXFileReference; explicitFileType = wrapper.application; includeInIndex = 0; path = Lentit.app; sourceTree = BUILT_PRODUCTS_DIR; };
		3D5901D6276FC92500373871 /* LentitApp.swift */ = {isa = PBXFileReference; lastKnownFileType = sourcecode.swift; path = LentitApp.swift; sourceTree = "<group>"; };
		3D5901D8276FC92500373871 /* ContentView.swift */ = {isa = PBXFileReference; lastKnownFileType = sourcecode.swift; path = ContentView.swift; sourceTree = "<group>"; };
		3D5901DA276FC92700373871 /* Assets.xcassets */ = {isa = PBXFileReference; lastKnownFileType = folder.assetcatalog; path = Assets.xcassets; sourceTree = "<group>"; };
		3D5901DD276FC92700373871 /* Preview Assets.xcassets */ = {isa = PBXFileReference; lastKnownFileType = folder.assetcatalog; path = "Preview Assets.xcassets"; sourceTree = "<group>"; };
		3D5901E3276FC92700373871 /* LentitTests.xctest */ = {isa = PBXFileReference; explicitFileType = wrapper.cfbundle; includeInIndex = 0; path = LentitTests.xctest; sourceTree = BUILT_PRODUCTS_DIR; };
		3D5901E7276FC92700373871 /* LentitTests.swift */ = {isa = PBXFileReference; lastKnownFileType = sourcecode.swift; path = LentitTests.swift; sourceTree = "<group>"; };
		3D5901ED276FC92700373871 /* LentitUITests.xctest */ = {isa = PBXFileReference; explicitFileType = wrapper.cfbundle; includeInIndex = 0; path = LentitUITests.xctest; sourceTree = BUILT_PRODUCTS_DIR; };
		3D5901F1276FC92700373871 /* LentitUITests.swift */ = {isa = PBXFileReference; lastKnownFileType = sourcecode.swift; path = LentitUITests.swift; sourceTree = "<group>"; };
		3D5901F3276FC92700373871 /* LentitUITestsLaunchTests.swift */ = {isa = PBXFileReference; lastKnownFileType = sourcecode.swift; path = LentitUITestsLaunchTests.swift; sourceTree = "<group>"; };
		3D590203276FD16100373871 /* LoanListView.swift */ = {isa = PBXFileReference; lastKnownFileType = sourcecode.swift; path = LoanListView.swift; sourceTree = "<group>"; };
		3D590205276FD36000373871 /* LentItemVM.swift */ = {isa = PBXFileReference; lastKnownFileType = sourcecode.swift; path = LentItemVM.swift; sourceTree = "<group>"; };
		3D590207276FD91F00373871 /* LoanDetailView.swift */ = {isa = PBXFileReference; lastKnownFileType = sourcecode.swift; path = LoanDetailView.swift; sourceTree = "<group>"; };
		3D590209276FDDF200373871 /* SidebarMenuView.swift */ = {isa = PBXFileReference; lastKnownFileType = sourcecode.swift; path = SidebarMenuView.swift; sourceTree = "<group>"; };
		3D86AEA92776042300FF4803 /* ItemCategoryModel.swift */ = {isa = PBXFileReference; lastKnownFileType = sourcecode.swift; path = ItemCategoryModel.swift; sourceTree = "<group>"; };
		3DCC2A5027831F20005C252B /* README.md */ = {isa = PBXFileReference; lastKnownFileType = net.daringfireball.markdown; path = README.md; sourceTree = "<group>"; };
		3DCC2A5127832238005C252B /* LICENSE */ = {isa = PBXFileReference; lastKnownFileType = text; path = LICENSE; sourceTree = "<group>"; };
		3DD36F022771E1DE002C333C /* LentItemListVM.swift */ = {isa = PBXFileReference; lastKnownFileType = sourcecode.swift; path = LentItemListVM.swift; sourceTree = "<group>"; };
		3DDE13E027945C3C00EBB6E7 /* SheetModel.swift */ = {isa = PBXFileReference; lastKnownFileType = sourcecode.swift; path = SheetModel.swift; sourceTree = "<group>"; };
		3DDE13E227945D5C00EBB6E7 /* BorrowersListView.swift */ = {isa = PBXFileReference; lastKnownFileType = sourcecode.swift; path = BorrowersListView.swift; sourceTree = "<group>"; };
		3DF022542796FCEB00211124 /* LoanListVM.swift */ = {isa = PBXFileReference; lastKnownFileType = sourcecode.swift; path = LoanListVM.swift; sourceTree = "<group>"; };
		3DF022562796FE2B00211124 /* LoanVM.swift */ = {isa = PBXFileReference; lastKnownFileType = sourcecode.swift; path = LoanVM.swift; sourceTree = "<group>"; };
/* End PBXFileReference section */

/* Begin PBXFrameworksBuildPhase section */
		3D5901D0276FC92500373871 /* Frameworks */ = {
			isa = PBXFrameworksBuildPhase;
			buildActionMask = 2147483647;
			files = (
			);
			runOnlyForDeploymentPostprocessing = 0;
		};
		3D5901E0276FC92700373871 /* Frameworks */ = {
			isa = PBXFrameworksBuildPhase;
			buildActionMask = 2147483647;
			files = (
			);
			runOnlyForDeploymentPostprocessing = 0;
		};
		3D5901EA276FC92700373871 /* Frameworks */ = {
			isa = PBXFrameworksBuildPhase;
			buildActionMask = 2147483647;
			files = (
			);
			runOnlyForDeploymentPostprocessing = 0;
		};
/* End PBXFrameworksBuildPhase section */

/* Begin PBXGroup section */
		3D4FD97E279379FC00B52F3C /* Localization */ = {
			isa = PBXGroup;
			children = (
				3D4FD978279379E200B52F3C /* Lentit-InfoPlist.strings */,
				3D4FD97B279379E200B52F3C /* Localizable.strings */,
			);
			path = Localization;
			sourceTree = "<group>";
		};
		3D5901CA276FC92500373871 = {
			isa = PBXGroup;
			children = (
				3DCC2A5127832238005C252B /* LICENSE */,
				3DCC2A5027831F20005C252B /* README.md */,
				3D5901D5276FC92500373871 /* Lentit */,
				3D5901E6276FC92700373871 /* LentitTests */,
				3D5901F0276FC92700373871 /* LentitUITests */,
				3D5901D4276FC92500373871 /* Products */,
			);
			sourceTree = "<group>";
		};
		3D5901D4276FC92500373871 /* Products */ = {
			isa = PBXGroup;
			children = (
				3D5901D3276FC92500373871 /* Lentit.app */,
				3D5901E3276FC92700373871 /* LentitTests.xctest */,
				3D5901ED276FC92700373871 /* LentitUITests.xctest */,
			);
			name = Products;
			sourceTree = "<group>";
		};
		3D5901D5276FC92500373871 /* Lentit */ = {
			isa = PBXGroup;
			children = (
				3D5901DA276FC92700373871 /* Assets.xcassets */,
				3D5901D6276FC92500373871 /* LentitApp.swift */,
				3D5901DC276FC92700373871 /* Preview Content */,
				3D4FD97E279379FC00B52F3C /* Localization */,
				3D590201276FD04700373871 /* Models */,
				3D590202276FD05100373871 /* ViewModels */,
				3D590200276FD02B00373871 /* Views */,
			);
			path = Lentit;
			sourceTree = "<group>";
		};
		3D5901DC276FC92700373871 /* Preview Content */ = {
			isa = PBXGroup;
			children = (
				3D5901DD276FC92700373871 /* Preview Assets.xcassets */,
			);
			path = "Preview Content";
			sourceTree = "<group>";
		};
		3D5901E6276FC92700373871 /* LentitTests */ = {
			isa = PBXGroup;
			children = (
				3D5901E7276FC92700373871 /* LentitTests.swift */,
			);
			path = LentitTests;
			sourceTree = "<group>";
		};
		3D5901F0276FC92700373871 /* LentitUITests */ = {
			isa = PBXGroup;
			children = (
				3D5901F1276FC92700373871 /* LentitUITests.swift */,
				3D5901F3276FC92700373871 /* LentitUITestsLaunchTests.swift */,
			);
			path = LentitUITests;
			sourceTree = "<group>";
		};
		3D590200276FD02B00373871 /* Views */ = {
			isa = PBXGroup;
			children = (
				3DDE13E227945D5C00EBB6E7 /* BorrowersListView.swift */,
				3D5901D8276FC92500373871 /* ContentView.swift */,
				3D54BDE32794A920001DF0AD /* ItemDetailView.swift */,
				3D590207276FD91F00373871 /* LoanDetailView.swift */,
				3D590203276FD16100373871 /* LoanListView.swift */,
				3D590209276FDDF200373871 /* SidebarMenuView.swift */,
			);
			path = Views;
			sourceTree = "<group>";
		};
		3D590201276FD04700373871 /* Models */ = {
			isa = PBXGroup;
			children = (
				3D4FD974279365B800B52F3C /* AlertModel.swift */,
				3D4FD96E2793033000B52F3C /* BorrowerModel.swift */,
				3D5551F12770E9300007BE3E /* DataStoreModel.swift */,
				3D86AEA92776042300FF4803 /* ItemCategoryModel.swift */,
				3D352D8E27709993000F8148 /* LentItemModel.swift */,
				3D13A65327960DD6008FDC42 /* LoanModel.swift */,
				3DDE13E027945C3C00EBB6E7 /* SheetModel.swift */,
			);
			path = Models;
			sourceTree = "<group>";
		};
		3D590202276FD05100373871 /* ViewModels */ = {
			isa = PBXGroup;
			children = (
				3D4FD9702793092600B52F3C /* BorrowerVM.swift */,
				3DD36F022771E1DE002C333C /* LentItemListVM.swift */,
				3D590205276FD36000373871 /* LentItemVM.swift */,
				3DF022542796FCEB00211124 /* LoanListVM.swift */,
				3DF022562796FE2B00211124 /* LoanVM.swift */,
			);
			path = ViewModels;
			sourceTree = "<group>";
		};
/* End PBXGroup section */

/* Begin PBXNativeTarget section */
		3D5901D2276FC92500373871 /* Lentit */ = {
			isa = PBXNativeTarget;
			buildConfigurationList = 3D5901F7276FC92700373871 /* Build configuration list for PBXNativeTarget "Lentit" */;
			buildPhases = (
				3D5901CF276FC92500373871 /* Sources */,
				3D5901D0276FC92500373871 /* Frameworks */,
				3D5901D1276FC92500373871 /* Resources */,
			);
			buildRules = (
			);
			dependencies = (
			);
			name = Lentit;
			productName = LendingLogbook;
			productReference = 3D5901D3276FC92500373871 /* Lentit.app */;
			productType = "com.apple.product-type.application";
		};
		3D5901E2276FC92700373871 /* LentitTests */ = {
			isa = PBXNativeTarget;
			buildConfigurationList = 3D5901FA276FC92700373871 /* Build configuration list for PBXNativeTarget "LentitTests" */;
			buildPhases = (
				3D5901DF276FC92700373871 /* Sources */,
				3D5901E0276FC92700373871 /* Frameworks */,
				3D5901E1276FC92700373871 /* Resources */,
			);
			buildRules = (
			);
			dependencies = (
				3D5901E5276FC92700373871 /* PBXTargetDependency */,
			);
			name = LentitTests;
			productName = LendingLogbookTests;
			productReference = 3D5901E3276FC92700373871 /* LentitTests.xctest */;
			productType = "com.apple.product-type.bundle.unit-test";
		};
		3D5901EC276FC92700373871 /* LentitUITests */ = {
			isa = PBXNativeTarget;
			buildConfigurationList = 3D5901FD276FC92700373871 /* Build configuration list for PBXNativeTarget "LentitUITests" */;
			buildPhases = (
				3D5901E9276FC92700373871 /* Sources */,
				3D5901EA276FC92700373871 /* Frameworks */,
				3D5901EB276FC92700373871 /* Resources */,
			);
			buildRules = (
			);
			dependencies = (
				3D5901EF276FC92700373871 /* PBXTargetDependency */,
			);
			name = LentitUITests;
			productName = LendingLogbookUITests;
			productReference = 3D5901ED276FC92700373871 /* LentitUITests.xctest */;
			productType = "com.apple.product-type.bundle.ui-testing";
		};
/* End PBXNativeTarget section */

/* Begin PBXProject section */
		3D5901CB276FC92500373871 /* Project object */ = {
			isa = PBXProject;
			attributes = {
				BuildIndependentTargetsInParallel = 1;
				LastSwiftUpdateCheck = 1310;
				LastUpgradeCheck = 1310;
				TargetAttributes = {
					3D5901D2276FC92500373871 = {
						CreatedOnToolsVersion = 13.1;
					};
					3D5901E2276FC92700373871 = {
						CreatedOnToolsVersion = 13.1;
						TestTargetID = 3D5901D2276FC92500373871;
					};
					3D5901EC276FC92700373871 = {
						CreatedOnToolsVersion = 13.1;
						TestTargetID = 3D5901D2276FC92500373871;
					};
				};
			};
			buildConfigurationList = 3D5901CE276FC92500373871 /* Build configuration list for PBXProject "Lentit" */;
			compatibilityVersion = "Xcode 13.0";
			developmentRegion = en;
			hasScannedForEncodings = 0;
			knownRegions = (
				en,
				Base,
				fr,
			);
			mainGroup = 3D5901CA276FC92500373871;
			productRefGroup = 3D5901D4276FC92500373871 /* Products */;
			projectDirPath = "";
			projectRoot = "";
			targets = (
				3D5901D2276FC92500373871 /* Lentit */,
				3D5901E2276FC92700373871 /* LentitTests */,
				3D5901EC276FC92700373871 /* LentitUITests */,
			);
		};
/* End PBXProject section */

/* Begin PBXResourcesBuildPhase section */
		3D5901D1276FC92500373871 /* Resources */ = {
			isa = PBXResourcesBuildPhase;
			buildActionMask = 2147483647;
			files = (
				3D5901DE276FC92700373871 /* Preview Assets.xcassets in Resources */,
				3D4FD97D279379E200B52F3C /* Localizable.strings in Resources */,
				3D4FD97A279379E200B52F3C /* Lentit-InfoPlist.strings in Resources */,
				3D5901DB276FC92700373871 /* Assets.xcassets in Resources */,
			);
			runOnlyForDeploymentPostprocessing = 0;
		};
		3D5901E1276FC92700373871 /* Resources */ = {
			isa = PBXResourcesBuildPhase;
			buildActionMask = 2147483647;
			files = (
			);
			runOnlyForDeploymentPostprocessing = 0;
		};
		3D5901EB276FC92700373871 /* Resources */ = {
			isa = PBXResourcesBuildPhase;
			buildActionMask = 2147483647;
			files = (
			);
			runOnlyForDeploymentPostprocessing = 0;
		};
/* End PBXResourcesBuildPhase section */

/* Begin PBXSourcesBuildPhase section */
		3D5901CF276FC92500373871 /* Sources */ = {
			isa = PBXSourcesBuildPhase;
			buildActionMask = 2147483647;
			files = (
				3D5901D9276FC92500373871 /* ContentView.swift in Sources */,
				3D4FD975279365B800B52F3C /* AlertModel.swift in Sources */,
				3DF022572796FE2B00211124 /* LoanVM.swift in Sources */,
				3D590208276FD91F00373871 /* LoanDetailView.swift in Sources */,
				3DD36F032771E1DE002C333C /* LentItemListVM.swift in Sources */,
				3D590204276FD16100373871 /* LoanListView.swift in Sources */,
				3D59020A276FDDF200373871 /* SidebarMenuView.swift in Sources */,
				3D86AEAA2776042300FF4803 /* ItemCategoryModel.swift in Sources */,
				3DDE13E127945C3C00EBB6E7 /* SheetModel.swift in Sources */,
				3DDE13E327945D5C00EBB6E7 /* BorrowersListView.swift in Sources */,
				3D5901D7276FC92500373871 /* LentitApp.swift in Sources */,
				3D5551F22770E9300007BE3E /* DataStoreModel.swift in Sources */,
				3D13A65427960DD6008FDC42 /* LoanModel.swift in Sources */,
				3D4FD9712793092600B52F3C /* BorrowerVM.swift in Sources */,
				3D54BDE42794A920001DF0AD /* ItemDetailView.swift in Sources */,
				3DF022552796FCEB00211124 /* LoanListVM.swift in Sources */,
				3D590206276FD36000373871 /* LentItemVM.swift in Sources */,
				3D352D8F27709993000F8148 /* LentItemModel.swift in Sources */,
				3D4FD96F2793033000B52F3C /* BorrowerModel.swift in Sources */,
			);
			runOnlyForDeploymentPostprocessing = 0;
		};
		3D5901DF276FC92700373871 /* Sources */ = {
			isa = PBXSourcesBuildPhase;
			buildActionMask = 2147483647;
			files = (
				3D5901E8276FC92700373871 /* LentitTests.swift in Sources */,
			);
			runOnlyForDeploymentPostprocessing = 0;
		};
		3D5901E9276FC92700373871 /* Sources */ = {
			isa = PBXSourcesBuildPhase;
			buildActionMask = 2147483647;
			files = (
				3D5901F4276FC92700373871 /* LentitUITestsLaunchTests.swift in Sources */,
				3D5901F2276FC92700373871 /* LentitUITests.swift in Sources */,
			);
			runOnlyForDeploymentPostprocessing = 0;
		};
/* End PBXSourcesBuildPhase section */

/* Begin PBXTargetDependency section */
		3D5901E5276FC92700373871 /* PBXTargetDependency */ = {
			isa = PBXTargetDependency;
			target = 3D5901D2276FC92500373871 /* Lentit */;
			targetProxy = 3D5901E4276FC92700373871 /* PBXContainerItemProxy */;
		};
		3D5901EF276FC92700373871 /* PBXTargetDependency */ = {
			isa = PBXTargetDependency;
			target = 3D5901D2276FC92500373871 /* Lentit */;
			targetProxy = 3D5901EE276FC92700373871 /* PBXContainerItemProxy */;
		};
/* End PBXTargetDependency section */

/* Begin PBXVariantGroup section */
		3D4FD978279379E200B52F3C /* Lentit-InfoPlist.strings */ = {
			isa = PBXVariantGroup;
			children = (
				3D4FD979279379E200B52F3C /* fr */,
			);
			name = "Lentit-InfoPlist.strings";
			sourceTree = "<group>";
		};
		3D4FD97B279379E200B52F3C /* Localizable.strings */ = {
			isa = PBXVariantGroup;
			children = (
				3D4FD97C279379E200B52F3C /* fr */,
			);
			name = Localizable.strings;
			sourceTree = "<group>";
		};
/* End PBXVariantGroup section */

/* Begin XCBuildConfiguration section */
		3D5901F5276FC92700373871 /* Debug */ = {
			isa = XCBuildConfiguration;
			buildSettings = {
				ALWAYS_SEARCH_USER_PATHS = NO;
				CLANG_ANALYZER_NONNULL = YES;
				CLANG_ANALYZER_NUMBER_OBJECT_CONVERSION = YES_AGGRESSIVE;
				CLANG_CXX_LANGUAGE_STANDARD = "gnu++17";
				CLANG_CXX_LIBRARY = "libc++";
				CLANG_ENABLE_MODULES = YES;
				CLANG_ENABLE_OBJC_ARC = YES;
				CLANG_ENABLE_OBJC_WEAK = YES;
				CLANG_WARN_BLOCK_CAPTURE_AUTORELEASING = YES;
				CLANG_WARN_BOOL_CONVERSION = YES;
				CLANG_WARN_COMMA = YES;
				CLANG_WARN_CONSTANT_CONVERSION = YES;
				CLANG_WARN_DEPRECATED_OBJC_IMPLEMENTATIONS = YES;
				CLANG_WARN_DIRECT_OBJC_ISA_USAGE = YES_ERROR;
				CLANG_WARN_DOCUMENTATION_COMMENTS = YES;
				CLANG_WARN_EMPTY_BODY = YES;
				CLANG_WARN_ENUM_CONVERSION = YES;
				CLANG_WARN_INFINITE_RECURSION = YES;
				CLANG_WARN_INT_CONVERSION = YES;
				CLANG_WARN_NON_LITERAL_NULL_CONVERSION = YES;
				CLANG_WARN_OBJC_IMPLICIT_RETAIN_SELF = YES;
				CLANG_WARN_OBJC_LITERAL_CONVERSION = YES;
				CLANG_WARN_OBJC_ROOT_CLASS = YES_ERROR;
				CLANG_WARN_QUOTED_INCLUDE_IN_FRAMEWORK_HEADER = YES;
				CLANG_WARN_RANGE_LOOP_ANALYSIS = YES;
				CLANG_WARN_STRICT_PROTOTYPES = YES;
				CLANG_WARN_SUSPICIOUS_MOVE = YES;
				CLANG_WARN_UNGUARDED_AVAILABILITY = YES_AGGRESSIVE;
				CLANG_WARN_UNREACHABLE_CODE = YES;
				CLANG_WARN__DUPLICATE_METHOD_MATCH = YES;
				COPY_PHASE_STRIP = NO;
				DEBUG_INFORMATION_FORMAT = dwarf;
				ENABLE_STRICT_OBJC_MSGSEND = YES;
				ENABLE_TESTABILITY = YES;
				GCC_C_LANGUAGE_STANDARD = gnu11;
				GCC_DYNAMIC_NO_PIC = NO;
				GCC_NO_COMMON_BLOCKS = YES;
				GCC_OPTIMIZATION_LEVEL = 0;
				GCC_PREPROCESSOR_DEFINITIONS = (
					"DEBUG=1",
					"$(inherited)",
				);
				GCC_WARN_64_TO_32_BIT_CONVERSION = YES;
				GCC_WARN_ABOUT_RETURN_TYPE = YES_ERROR;
				GCC_WARN_UNDECLARED_SELECTOR = YES;
				GCC_WARN_UNINITIALIZED_AUTOS = YES_AGGRESSIVE;
				GCC_WARN_UNUSED_FUNCTION = YES;
				GCC_WARN_UNUSED_VARIABLE = YES;
				IPHONEOS_DEPLOYMENT_TARGET = 14.5;
				MTL_ENABLE_DEBUG_INFO = INCLUDE_SOURCE;
				MTL_FAST_MATH = YES;
				ONLY_ACTIVE_ARCH = YES;
				SDKROOT = iphoneos;
				SWIFT_ACTIVE_COMPILATION_CONDITIONS = DEBUG;
				SWIFT_EMIT_LOC_STRINGS = YES;
				SWIFT_OPTIMIZATION_LEVEL = "-Onone";
			};
			name = Debug;
		};
		3D5901F6276FC92700373871 /* Release */ = {
			isa = XCBuildConfiguration;
			buildSettings = {
				ALWAYS_SEARCH_USER_PATHS = NO;
				CLANG_ANALYZER_NONNULL = YES;
				CLANG_ANALYZER_NUMBER_OBJECT_CONVERSION = YES_AGGRESSIVE;
				CLANG_CXX_LANGUAGE_STANDARD = "gnu++17";
				CLANG_CXX_LIBRARY = "libc++";
				CLANG_ENABLE_MODULES = YES;
				CLANG_ENABLE_OBJC_ARC = YES;
				CLANG_ENABLE_OBJC_WEAK = YES;
				CLANG_WARN_BLOCK_CAPTURE_AUTORELEASING = YES;
				CLANG_WARN_BOOL_CONVERSION = YES;
				CLANG_WARN_COMMA = YES;
				CLANG_WARN_CONSTANT_CONVERSION = YES;
				CLANG_WARN_DEPRECATED_OBJC_IMPLEMENTATIONS = YES;
				CLANG_WARN_DIRECT_OBJC_ISA_USAGE = YES_ERROR;
				CLANG_WARN_DOCUMENTATION_COMMENTS = YES;
				CLANG_WARN_EMPTY_BODY = YES;
				CLANG_WARN_ENUM_CONVERSION = YES;
				CLANG_WARN_INFINITE_RECURSION = YES;
				CLANG_WARN_INT_CONVERSION = YES;
				CLANG_WARN_NON_LITERAL_NULL_CONVERSION = YES;
				CLANG_WARN_OBJC_IMPLICIT_RETAIN_SELF = YES;
				CLANG_WARN_OBJC_LITERAL_CONVERSION = YES;
				CLANG_WARN_OBJC_ROOT_CLASS = YES_ERROR;
				CLANG_WARN_QUOTED_INCLUDE_IN_FRAMEWORK_HEADER = YES;
				CLANG_WARN_RANGE_LOOP_ANALYSIS = YES;
				CLANG_WARN_STRICT_PROTOTYPES = YES;
				CLANG_WARN_SUSPICIOUS_MOVE = YES;
				CLANG_WARN_UNGUARDED_AVAILABILITY = YES_AGGRESSIVE;
				CLANG_WARN_UNREACHABLE_CODE = YES;
				CLANG_WARN__DUPLICATE_METHOD_MATCH = YES;
				COPY_PHASE_STRIP = NO;
				DEBUG_INFORMATION_FORMAT = "dwarf-with-dsym";
				ENABLE_NS_ASSERTIONS = NO;
				ENABLE_STRICT_OBJC_MSGSEND = YES;
				GCC_C_LANGUAGE_STANDARD = gnu11;
				GCC_NO_COMMON_BLOCKS = YES;
				GCC_WARN_64_TO_32_BIT_CONVERSION = YES;
				GCC_WARN_ABOUT_RETURN_TYPE = YES_ERROR;
				GCC_WARN_UNDECLARED_SELECTOR = YES;
				GCC_WARN_UNINITIALIZED_AUTOS = YES_AGGRESSIVE;
				GCC_WARN_UNUSED_FUNCTION = YES;
				GCC_WARN_UNUSED_VARIABLE = YES;
				IPHONEOS_DEPLOYMENT_TARGET = 14.5;
				MTL_ENABLE_DEBUG_INFO = NO;
				MTL_FAST_MATH = YES;
				SDKROOT = iphoneos;
				SWIFT_COMPILATION_MODE = wholemodule;
				SWIFT_EMIT_LOC_STRINGS = YES;
				SWIFT_OPTIMIZATION_LEVEL = "-O";
				VALIDATE_PRODUCT = YES;
			};
			name = Release;
		};
		3D5901F8276FC92700373871 /* Debug */ = {
			isa = XCBuildConfiguration;
			buildSettings = {
				ASSETCATALOG_COMPILER_APPICON_NAME = AppIcon;
				ASSETCATALOG_COMPILER_GLOBAL_ACCENT_COLOR_NAME = AccentColor;
				CODE_SIGN_STYLE = Automatic;
				CURRENT_PROJECT_VERSION = 1;
				DEVELOPMENT_ASSET_PATHS = "\"Lentit/Preview Content\"";
				DEVELOPMENT_TEAM = 93YH69Z9HR;
				ENABLE_PREVIEWS = YES;
				GENERATE_INFOPLIST_FILE = YES;
				INFOPLIST_KEY_UIApplicationSceneManifest_Generation = YES;
				INFOPLIST_KEY_UIApplicationSupportsIndirectInputEvents = YES;
				INFOPLIST_KEY_UILaunchScreen_Generation = YES;
				INFOPLIST_KEY_UISupportedInterfaceOrientations = "UIInterfaceOrientationPortrait UIInterfaceOrientationLandscapeLeft UIInterfaceOrientationLandscapeRight";
				INFOPLIST_KEY_UISupportedInterfaceOrientations_iPad = "UIInterfaceOrientationPortrait UIInterfaceOrientationPortraitUpsideDown UIInterfaceOrientationLandscapeLeft UIInterfaceOrientationLandscapeRight";
				INFOPLIST_KEY_UISupportedInterfaceOrientations_iPhone = "UIInterfaceOrientationPortrait UIInterfaceOrientationLandscapeLeft UIInterfaceOrientationLandscapeRight";
				IPHONEOS_DEPLOYMENT_TARGET = 14.5;
				LD_RUNPATH_SEARCH_PATHS = (
					"$(inherited)",
					"@executable_path/Frameworks",
				);
				MARKETING_VERSION = 1.0;
				PRODUCT_BUNDLE_IDENTIFIER = WilliamMead.Lentit;
				PRODUCT_NAME = Lentit;
				SWIFT_EMIT_LOC_STRINGS = YES;
				SWIFT_VERSION = 5.0;
				TARGETED_DEVICE_FAMILY = "1,2";
			};
			name = Debug;
		};
		3D5901F9276FC92700373871 /* Release */ = {
			isa = XCBuildConfiguration;
			buildSettings = {
				ASSETCATALOG_COMPILER_APPICON_NAME = AppIcon;
				ASSETCATALOG_COMPILER_GLOBAL_ACCENT_COLOR_NAME = AccentColor;
				CODE_SIGN_STYLE = Automatic;
				CURRENT_PROJECT_VERSION = 1;
				DEVELOPMENT_ASSET_PATHS = "\"Lentit/Preview Content\"";
				DEVELOPMENT_TEAM = 93YH69Z9HR;
				ENABLE_PREVIEWS = YES;
				GENERATE_INFOPLIST_FILE = YES;
				INFOPLIST_KEY_UIApplicationSceneManifest_Generation = YES;
				INFOPLIST_KEY_UIApplicationSupportsIndirectInputEvents = YES;
				INFOPLIST_KEY_UILaunchScreen_Generation = YES;
				INFOPLIST_KEY_UISupportedInterfaceOrientations = "UIInterfaceOrientationPortrait UIInterfaceOrientationLandscapeLeft UIInterfaceOrientationLandscapeRight";
				INFOPLIST_KEY_UISupportedInterfaceOrientations_iPad = "UIInterfaceOrientationPortrait UIInterfaceOrientationPortraitUpsideDown UIInterfaceOrientationLandscapeLeft UIInterfaceOrientationLandscapeRight";
				INFOPLIST_KEY_UISupportedInterfaceOrientations_iPhone = "UIInterfaceOrientationPortrait UIInterfaceOrientationLandscapeLeft UIInterfaceOrientationLandscapeRight";
				IPHONEOS_DEPLOYMENT_TARGET = 14.5;
				LD_RUNPATH_SEARCH_PATHS = (
					"$(inherited)",
					"@executable_path/Frameworks",
				);
				MARKETING_VERSION = 1.0;
				PRODUCT_BUNDLE_IDENTIFIER = WilliamMead.Lentit;
				PRODUCT_NAME = Lentit;
				SWIFT_EMIT_LOC_STRINGS = YES;
				SWIFT_VERSION = 5.0;
				TARGETED_DEVICE_FAMILY = "1,2";
			};
			name = Release;
		};
		3D5901FB276FC92700373871 /* Debug */ = {
			isa = XCBuildConfiguration;
			buildSettings = {
				ALWAYS_EMBED_SWIFT_STANDARD_LIBRARIES = YES;
				BUNDLE_LOADER = "$(TEST_HOST)";
				CODE_SIGN_STYLE = Automatic;
				CURRENT_PROJECT_VERSION = 1;
				DEVELOPMENT_TEAM = 93YH69Z9HR;
				GENERATE_INFOPLIST_FILE = YES;
				IPHONEOS_DEPLOYMENT_TARGET = 15.0;
				LD_RUNPATH_SEARCH_PATHS = (
					"$(inherited)",
					"@executable_path/Frameworks",
					"@loader_path/Frameworks",
				);
				MARKETING_VERSION = 1.0;
				PRODUCT_BUNDLE_IDENTIFIER = WilliamMead.LentitTests;
				PRODUCT_NAME = "$(TARGET_NAME)";
				SWIFT_EMIT_LOC_STRINGS = NO;
				SWIFT_VERSION = 5.0;
				TARGETED_DEVICE_FAMILY = "1,2";
				TEST_HOST = "$(BUILT_PRODUCTS_DIR)/Lentit.app/Lentit";
			};
			name = Debug;
		};
		3D5901FC276FC92700373871 /* Release */ = {
			isa = XCBuildConfiguration;
			buildSettings = {
				ALWAYS_EMBED_SWIFT_STANDARD_LIBRARIES = YES;
				BUNDLE_LOADER = "$(TEST_HOST)";
				CODE_SIGN_STYLE = Automatic;
				CURRENT_PROJECT_VERSION = 1;
				DEVELOPMENT_TEAM = 93YH69Z9HR;
				GENERATE_INFOPLIST_FILE = YES;
				IPHONEOS_DEPLOYMENT_TARGET = 15.0;
				LD_RUNPATH_SEARCH_PATHS = (
					"$(inherited)",
					"@executable_path/Frameworks",
					"@loader_path/Frameworks",
				);
				MARKETING_VERSION = 1.0;
				PRODUCT_BUNDLE_IDENTIFIER = WilliamMead.LentitTests;
				PRODUCT_NAME = "$(TARGET_NAME)";
				SWIFT_EMIT_LOC_STRINGS = NO;
				SWIFT_VERSION = 5.0;
				TARGETED_DEVICE_FAMILY = "1,2";
				TEST_HOST = "$(BUILT_PRODUCTS_DIR)/Lentit.app/Lentit";
			};
			name = Release;
		};
		3D5901FE276FC92700373871 /* Debug */ = {
			isa = XCBuildConfiguration;
			buildSettings = {
				ALWAYS_EMBED_SWIFT_STANDARD_LIBRARIES = YES;
				CODE_SIGN_STYLE = Automatic;
				CURRENT_PROJECT_VERSION = 1;
				DEVELOPMENT_TEAM = 93YH69Z9HR;
				GENERATE_INFOPLIST_FILE = YES;
				LD_RUNPATH_SEARCH_PATHS = (
					"$(inherited)",
					"@executable_path/Frameworks",
					"@loader_path/Frameworks",
				);
				MARKETING_VERSION = 1.0;
				PRODUCT_BUNDLE_IDENTIFIER = WilliamMead.LentitUITests;
				PRODUCT_NAME = "$(TARGET_NAME)";
				SWIFT_EMIT_LOC_STRINGS = NO;
				SWIFT_VERSION = 5.0;
				TARGETED_DEVICE_FAMILY = "1,2";
				TEST_TARGET_NAME = Lentit;
			};
			name = Debug;
		};
		3D5901FF276FC92700373871 /* Release */ = {
			isa = XCBuildConfiguration;
			buildSettings = {
				ALWAYS_EMBED_SWIFT_STANDARD_LIBRARIES = YES;
				CODE_SIGN_STYLE = Automatic;
				CURRENT_PROJECT_VERSION = 1;
				DEVELOPMENT_TEAM = 93YH69Z9HR;
				GENERATE_INFOPLIST_FILE = YES;
				LD_RUNPATH_SEARCH_PATHS = (
					"$(inherited)",
					"@executable_path/Frameworks",
					"@loader_path/Frameworks",
				);
				MARKETING_VERSION = 1.0;
				PRODUCT_BUNDLE_IDENTIFIER = WilliamMead.LentitUITests;
				PRODUCT_NAME = "$(TARGET_NAME)";
				SWIFT_EMIT_LOC_STRINGS = NO;
				SWIFT_VERSION = 5.0;
				TARGETED_DEVICE_FAMILY = "1,2";
				TEST_TARGET_NAME = Lentit;
			};
			name = Release;
		};
/* End XCBuildConfiguration section */

/* Begin XCConfigurationList section */
		3D5901CE276FC92500373871 /* Build configuration list for PBXProject "Lentit" */ = {
			isa = XCConfigurationList;
			buildConfigurations = (
				3D5901F5276FC92700373871 /* Debug */,
				3D5901F6276FC92700373871 /* Release */,
			);
			defaultConfigurationIsVisible = 0;
			defaultConfigurationName = Release;
		};
		3D5901F7276FC92700373871 /* Build configuration list for PBXNativeTarget "Lentit" */ = {
			isa = XCConfigurationList;
			buildConfigurations = (
				3D5901F8276FC92700373871 /* Debug */,
				3D5901F9276FC92700373871 /* Release */,
			);
			defaultConfigurationIsVisible = 0;
			defaultConfigurationName = Release;
		};
		3D5901FA276FC92700373871 /* Build configuration list for PBXNativeTarget "LentitTests" */ = {
			isa = XCConfigurationList;
			buildConfigurations = (
				3D5901FB276FC92700373871 /* Debug */,
				3D5901FC276FC92700373871 /* Release */,
			);
			defaultConfigurationIsVisible = 0;
			defaultConfigurationName = Release;
		};
		3D5901FD276FC92700373871 /* Build configuration list for PBXNativeTarget "LentitUITests" */ = {
			isa = XCConfigurationList;
			buildConfigurations = (
				3D5901FE276FC92700373871 /* Debug */,
				3D5901FF276FC92700373871 /* Release */,
			);
			defaultConfigurationIsVisible = 0;
			defaultConfigurationName = Release;
		};
/* End XCConfigurationList section */
	};
	rootObject = 3D5901CB276FC92500373871 /* Project object */;
}
