// !$*UTF8*$!
{
	archiveVersion = 1;
	classes = {
	};
	objectVersion = 55;
	objects = {

/* Begin PBXBuildFile section */
		3D05A6D427EDAFF9002A17C1 /* LoanListView.swift in Sources */ = {isa = PBXBuildFile; fileRef = 3D05A6D327EDAFF9002A17C1 /* LoanListView.swift */; };
		3D05A6D627EDBBAA002A17C1 /* BorrowerDetailView.swift in Sources */ = {isa = PBXBuildFile; fileRef = 3D05A6D527EDBBAA002A17C1 /* BorrowerDetailView.swift */; };
		3D13A65427960DD6008FDC42 /* LoanModel.swift in Sources */ = {isa = PBXBuildFile; fileRef = 3D13A65327960DD6008FDC42 /* LoanModel.swift */; };
		3D4FD96F2793033000B52F3C /* BorrowerModel.swift in Sources */ = {isa = PBXBuildFile; fileRef = 3D4FD96E2793033000B52F3C /* BorrowerModel.swift */; };
		3D4FD9712793092600B52F3C /* BorrowerDetailVM.swift in Sources */ = {isa = PBXBuildFile; fileRef = 3D4FD9702793092600B52F3C /* BorrowerDetailVM.swift */; };
		3D4FD975279365B800B52F3C /* AlertModel.swift in Sources */ = {isa = PBXBuildFile; fileRef = 3D4FD974279365B800B52F3C /* AlertModel.swift */; };
		3D4FD97A279379E200B52F3C /* InfoPlist.strings in Resources */ = {isa = PBXBuildFile; fileRef = 3D4FD978279379E200B52F3C /* InfoPlist.strings */; };
		3D4FD97D279379E200B52F3C /* Localizable.strings in Resources */ = {isa = PBXBuildFile; fileRef = 3D4FD97B279379E200B52F3C /* Localizable.strings */; };
		3D52612127FB742D00E8D739 /* ItemListEntryVM.swift in Sources */ = {isa = PBXBuildFile; fileRef = 3D52612027FB742D00E8D739 /* ItemListEntryVM.swift */; };
		3D52612327FB744700E8D739 /* BorrowerListEntryVM.swift in Sources */ = {isa = PBXBuildFile; fileRef = 3D52612227FB744700E8D739 /* BorrowerListEntryVM.swift */; };
		3D54BDE42794A920001DF0AD /* ItemDetailView.swift in Sources */ = {isa = PBXBuildFile; fileRef = 3D54BDE32794A920001DF0AD /* ItemDetailView.swift */; };
		3D5551F22770E9300007BE3E /* DataStoreModel.swift in Sources */ = {isa = PBXBuildFile; fileRef = 3D5551F12770E9300007BE3E /* DataStoreModel.swift */; };
		3D572C7E279AE1E2002618D7 /* ItemListView.swift in Sources */ = {isa = PBXBuildFile; fileRef = 3D572C7D279AE1E2002618D7 /* ItemListView.swift */; };
		3D572C80279B40EB002618D7 /* BorrowerListVM.swift in Sources */ = {isa = PBXBuildFile; fileRef = 3D572C7F279B40EB002618D7 /* BorrowerListVM.swift */; };
		3D572C82279B44D3002618D7 /* ItemListVM.swift in Sources */ = {isa = PBXBuildFile; fileRef = 3D572C81279B44D3002618D7 /* ItemListVM.swift */; };
		3D5901D7276FC92500373871 /* LentitApp.swift in Sources */ = {isa = PBXBuildFile; fileRef = 3D5901D6276FC92500373871 /* LentitApp.swift */; };
		3D5901D9276FC92500373871 /* AppView.swift in Sources */ = {isa = PBXBuildFile; fileRef = 3D5901D8276FC92500373871 /* AppView.swift */; };
		3D5901DB276FC92700373871 /* Assets.xcassets in Resources */ = {isa = PBXBuildFile; fileRef = 3D5901DA276FC92700373871 /* Assets.xcassets */; };
		3D5901DE276FC92700373871 /* Preview Assets.xcassets in Resources */ = {isa = PBXBuildFile; fileRef = 3D5901DD276FC92700373871 /* Preview Assets.xcassets */; };
		3D5901E8276FC92700373871 /* LentitTests.swift in Sources */ = {isa = PBXBuildFile; fileRef = 3D5901E7276FC92700373871 /* LentitTests.swift */; };
		3D5901F2276FC92700373871 /* LentitUITests.swift in Sources */ = {isa = PBXBuildFile; fileRef = 3D5901F1276FC92700373871 /* LentitUITests.swift */; };
		3D5901F4276FC92700373871 /* LentitUITestsLaunchTests.swift in Sources */ = {isa = PBXBuildFile; fileRef = 3D5901F3276FC92700373871 /* LentitUITestsLaunchTests.swift */; };
		3D590204276FD16100373871 /* HomeView.swift in Sources */ = {isa = PBXBuildFile; fileRef = 3D590203276FD16100373871 /* HomeView.swift */; };
		3D590208276FD91F00373871 /* LoanDetailView.swift in Sources */ = {isa = PBXBuildFile; fileRef = 3D590207276FD91F00373871 /* LoanDetailView.swift */; };
		3D59020A276FDDF200373871 /* SidebarMenuView.swift in Sources */ = {isa = PBXBuildFile; fileRef = 3D590209276FDDF200373871 /* SidebarMenuView.swift */; };
		3D6669B127F1941900D24C91 /* ItemImageView.swift in Sources */ = {isa = PBXBuildFile; fileRef = 3D6669B027F1941900D24C91 /* ItemImageView.swift */; };
		3D6669B327F19EA500D24C91 /* SaveButtonView.swift in Sources */ = {isa = PBXBuildFile; fileRef = 3D6669B227F19EA500D24C91 /* SaveButtonView.swift */; };
		3D80ABC227F9B33A00A58DA7 /* LoanListEntryVM.swift in Sources */ = {isa = PBXBuildFile; fileRef = 3D80ABC127F9B33A00A58DA7 /* LoanListEntryVM.swift */; };
		3D8C9F4527F096B90002EA78 /* ItemCategoryFullNameView.swift in Sources */ = {isa = PBXBuildFile; fileRef = 3D8C9F4427F096B90002EA78 /* ItemCategoryFullNameView.swift */; };
		3D8C9F4727F097EF0002EA78 /* ItemStatusNameView.swift in Sources */ = {isa = PBXBuildFile; fileRef = 3D8C9F4627F097EF0002EA78 /* ItemStatusNameView.swift */; };
		3D8C9F4927F098E30002EA78 /* LoanStatusNameView.swift in Sources */ = {isa = PBXBuildFile; fileRef = 3D8C9F4827F098E30002EA78 /* LoanStatusNameView.swift */; };
		3D8C9F4B27F09D120002EA78 /* EditButtonView.swift in Sources */ = {isa = PBXBuildFile; fileRef = 3D8C9F4A27F09D120002EA78 /* EditButtonView.swift */; };
		3D8C9F4D27F09E0F0002EA78 /* NewButtonView.swift in Sources */ = {isa = PBXBuildFile; fileRef = 3D8C9F4C27F09E0F0002EA78 /* NewButtonView.swift */; };
		3D8EAD8827FE17B800EC4DB9 /* ActiveStatusIconView.swift in Sources */ = {isa = PBXBuildFile; fileRef = 3D8EAD8727FE17B800EC4DB9 /* ActiveStatusIconView.swift */; };
		3DB6AECF27F0F6F600AB4B97 /* DeleteButtonView.swift in Sources */ = {isa = PBXBuildFile; fileRef = 3DB6AECE27F0F6F600AB4B97 /* DeleteButtonView.swift */; };
		3DCCC1A527FF62BA0036A9A7 /* ReminderVM.swift in Sources */ = {isa = PBXBuildFile; fileRef = 3DCCC1A427FF62BA0036A9A7 /* ReminderVM.swift */; };
		3DCCC1A727FF6D150036A9A7 /* BorrowerVM.swift in Sources */ = {isa = PBXBuildFile; fileRef = 3DCCC1A627FF6D150036A9A7 /* BorrowerVM.swift */; };
		3DD3F1C227DF3939000F64D0 /* HintView.swift in Sources */ = {isa = PBXBuildFile; fileRef = 3DD3F1C127DF3939000F64D0 /* HintView.swift */; };
		3DDE13E127945C3C00EBB6E7 /* SheetModel.swift in Sources */ = {isa = PBXBuildFile; fileRef = 3DDE13E027945C3C00EBB6E7 /* SheetModel.swift */; };
		3DDE13E327945D5C00EBB6E7 /* BorrowerListView.swift in Sources */ = {isa = PBXBuildFile; fileRef = 3DDE13E227945D5C00EBB6E7 /* BorrowerListView.swift */; };
		3DE4283227DFDEC3006FA751 /* HintModel.swift in Sources */ = {isa = PBXBuildFile; fileRef = 3DE4283127DFDEC3006FA751 /* HintModel.swift */; };
		3DF022552796FCEB00211124 /* LoanListVM.swift in Sources */ = {isa = PBXBuildFile; fileRef = 3DF022542796FCEB00211124 /* LoanListVM.swift */; };
		3DF022572796FE2B00211124 /* LoanVM.swift in Sources */ = {isa = PBXBuildFile; fileRef = 3DF022562796FE2B00211124 /* LoanVM.swift */; };
		3DF02259279701A500211124 /* AppVM.swift in Sources */ = {isa = PBXBuildFile; fileRef = 3DF02258279701A500211124 /* AppVM.swift */; };
		3DF0225B2797591600211124 /* ItemVM.swift in Sources */ = {isa = PBXBuildFile; fileRef = 3DF0225A2797591600211124 /* ItemVM.swift */; };
		3DF0225D2797592B00211124 /* ItemModel.swift in Sources */ = {isa = PBXBuildFile; fileRef = 3DF0225C2797592B00211124 /* ItemModel.swift */; };
/* End PBXBuildFile section */

/* Begin PBXContainerItemProxy section */
		3D5901E4276FC92700373871 /* PBXContainerItemProxy */ = {
			isa = PBXContainerItemProxy;
			containerPortal = 3D5901CB276FC92500373871 /* Project object */;
			proxyType = 1;
			remoteGlobalIDString = 3D5901D2276FC92500373871;
			remoteInfo = LendingLogbook;
		};
		3D5901EE276FC92700373871 /* PBXContainerItemProxy */ = {
			isa = PBXContainerItemProxy;
			containerPortal = 3D5901CB276FC92500373871 /* Project object */;
			proxyType = 1;
			remoteGlobalIDString = 3D5901D2276FC92500373871;
			remoteInfo = LendingLogbook;
		};
/* End PBXContainerItemProxy section */

/* Begin PBXFileReference section */
		3D01279C27CE230D002634C2 /* en */ = {isa = PBXFileReference; lastKnownFileType = text.plist.strings; name = en; path = en.lproj/InfoPlist.strings; sourceTree = "<group>"; };
		3D01279D27CE2362002634C2 /* en */ = {isa = PBXFileReference; lastKnownFileType = text.plist.strings; name = en; path = en.lproj/Localizable.strings; sourceTree = "<group>"; };
		3D05A6D327EDAFF9002A17C1 /* LoanListView.swift */ = {isa = PBXFileReference; lastKnownFileType = sourcecode.swift; path = LoanListView.swift; sourceTree = "<group>"; };
		3D05A6D527EDBBAA002A17C1 /* BorrowerDetailView.swift */ = {isa = PBXFileReference; lastKnownFileType = sourcecode.swift; path = BorrowerDetailView.swift; sourceTree = "<group>"; };
		3D13A65327960DD6008FDC42 /* LoanModel.swift */ = {isa = PBXFileReference; lastKnownFileType = sourcecode.swift; path = LoanModel.swift; sourceTree = "<group>"; };
		3D4FD96E2793033000B52F3C /* BorrowerModel.swift */ = {isa = PBXFileReference; lastKnownFileType = sourcecode.swift; path = BorrowerModel.swift; sourceTree = "<group>"; };
		3D4FD9702793092600B52F3C /* BorrowerDetailVM.swift */ = {isa = PBXFileReference; lastKnownFileType = sourcecode.swift; path = BorrowerDetailVM.swift; sourceTree = "<group>"; };
		3D4FD974279365B800B52F3C /* AlertModel.swift */ = {isa = PBXFileReference; lastKnownFileType = sourcecode.swift; path = AlertModel.swift; sourceTree = "<group>"; };
		3D4FD979279379E200B52F3C /* fr */ = {isa = PBXFileReference; lastKnownFileType = text.plist.strings; name = fr; path = fr.lproj/InfoPlist.strings; sourceTree = "<group>"; };
		3D4FD97C279379E200B52F3C /* fr */ = {isa = PBXFileReference; lastKnownFileType = text.plist.strings; name = fr; path = fr.lproj/Localizable.strings; sourceTree = "<group>"; };
		3D52612027FB742D00E8D739 /* ItemListEntryVM.swift */ = {isa = PBXFileReference; lastKnownFileType = sourcecode.swift; path = ItemListEntryVM.swift; sourceTree = "<group>"; };
		3D52612227FB744700E8D739 /* BorrowerListEntryVM.swift */ = {isa = PBXFileReference; lastKnownFileType = sourcecode.swift; path = BorrowerListEntryVM.swift; sourceTree = "<group>"; };
		3D54BDE32794A920001DF0AD /* ItemDetailView.swift */ = {isa = PBXFileReference; lastKnownFileType = sourcecode.swift; path = ItemDetailView.swift; sourceTree = "<group>"; };
		3D5551F12770E9300007BE3E /* DataStoreModel.swift */ = {isa = PBXFileReference; lastKnownFileType = sourcecode.swift; path = DataStoreModel.swift; sourceTree = "<group>"; };
		3D572C7D279AE1E2002618D7 /* ItemListView.swift */ = {isa = PBXFileReference; lastKnownFileType = sourcecode.swift; path = ItemListView.swift; sourceTree = "<group>"; };
		3D572C7F279B40EB002618D7 /* BorrowerListVM.swift */ = {isa = PBXFileReference; lastKnownFileType = sourcecode.swift; path = BorrowerListVM.swift; sourceTree = "<group>"; };
		3D572C81279B44D3002618D7 /* ItemListVM.swift */ = {isa = PBXFileReference; lastKnownFileType = sourcecode.swift; path = ItemListVM.swift; sourceTree = "<group>"; };
		3D57DA1127F389B400806FA2 /* Info.plist */ = {isa = PBXFileReference; lastKnownFileType = text.plist; path = Info.plist; sourceTree = "<group>"; };
		3D5901D3276FC92500373871 /* Lentit.app */ = {isa = PBXFileReference; explicitFileType = wrapper.application; includeInIndex = 0; path = Lentit.app; sourceTree = BUILT_PRODUCTS_DIR; };
		3D5901D6276FC92500373871 /* LentitApp.swift */ = {isa = PBXFileReference; lastKnownFileType = sourcecode.swift; path = LentitApp.swift; sourceTree = "<group>"; };
		3D5901D8276FC92500373871 /* AppView.swift */ = {isa = PBXFileReference; lastKnownFileType = sourcecode.swift; path = AppView.swift; sourceTree = "<group>"; };
		3D5901DA276FC92700373871 /* Assets.xcassets */ = {isa = PBXFileReference; lastKnownFileType = folder.assetcatalog; path = Assets.xcassets; sourceTree = "<group>"; };
		3D5901DD276FC92700373871 /* Preview Assets.xcassets */ = {isa = PBXFileReference; lastKnownFileType = folder.assetcatalog; path = "Preview Assets.xcassets"; sourceTree = "<group>"; };
		3D5901E3276FC92700373871 /* LentitTests.xctest */ = {isa = PBXFileReference; explicitFileType = wrapper.cfbundle; includeInIndex = 0; path = LentitTests.xctest; sourceTree = BUILT_PRODUCTS_DIR; };
		3D5901E7276FC92700373871 /* LentitTests.swift */ = {isa = PBXFileReference; lastKnownFileType = sourcecode.swift; path = LentitTests.swift; sourceTree = "<group>"; };
		3D5901ED276FC92700373871 /* LentitUITests.xctest */ = {isa = PBXFileReference; explicitFileType = wrapper.cfbundle; includeInIndex = 0; path = LentitUITests.xctest; sourceTree = BUILT_PRODUCTS_DIR; };
		3D5901F1276FC92700373871 /* LentitUITests.swift */ = {isa = PBXFileReference; lastKnownFileType = sourcecode.swift; path = LentitUITests.swift; sourceTree = "<group>"; };
		3D5901F3276FC92700373871 /* LentitUITestsLaunchTests.swift */ = {isa = PBXFileReference; lastKnownFileType = sourcecode.swift; path = LentitUITestsLaunchTests.swift; sourceTree = "<group>"; };
		3D590203276FD16100373871 /* HomeView.swift */ = {isa = PBXFileReference; lastKnownFileType = sourcecode.swift; path = HomeView.swift; sourceTree = "<group>"; };
		3D590207276FD91F00373871 /* LoanDetailView.swift */ = {isa = PBXFileReference; lastKnownFileType = sourcecode.swift; path = LoanDetailView.swift; sourceTree = "<group>"; };
		3D590209276FDDF200373871 /* SidebarMenuView.swift */ = {isa = PBXFileReference; lastKnownFileType = sourcecode.swift; path = SidebarMenuView.swift; sourceTree = "<group>"; };
		3D6669B027F1941900D24C91 /* ItemImageView.swift */ = {isa = PBXFileReference; lastKnownFileType = sourcecode.swift; path = ItemImageView.swift; sourceTree = "<group>"; };
		3D6669B227F19EA500D24C91 /* SaveButtonView.swift */ = {isa = PBXFileReference; lastKnownFileType = sourcecode.swift; path = SaveButtonView.swift; sourceTree = "<group>"; };
		3D80ABC127F9B33A00A58DA7 /* LoanListEntryVM.swift */ = {isa = PBXFileReference; lastKnownFileType = sourcecode.swift; path = LoanListEntryVM.swift; sourceTree = "<group>"; };
		3D8C9F4427F096B90002EA78 /* ItemCategoryFullNameView.swift */ = {isa = PBXFileReference; lastKnownFileType = sourcecode.swift; path = ItemCategoryFullNameView.swift; sourceTree = "<group>"; };
		3D8C9F4627F097EF0002EA78 /* ItemStatusNameView.swift */ = {isa = PBXFileReference; lastKnownFileType = sourcecode.swift; path = ItemStatusNameView.swift; sourceTree = "<group>"; };
		3D8C9F4827F098E30002EA78 /* LoanStatusNameView.swift */ = {isa = PBXFileReference; lastKnownFileType = sourcecode.swift; path = LoanStatusNameView.swift; sourceTree = "<group>"; };
		3D8C9F4A27F09D120002EA78 /* EditButtonView.swift */ = {isa = PBXFileReference; lastKnownFileType = sourcecode.swift; path = EditButtonView.swift; sourceTree = "<group>"; };
		3D8C9F4C27F09E0F0002EA78 /* NewButtonView.swift */ = {isa = PBXFileReference; lastKnownFileType = sourcecode.swift; path = NewButtonView.swift; sourceTree = "<group>"; };
		3D8EAD8727FE17B800EC4DB9 /* ActiveStatusIconView.swift */ = {isa = PBXFileReference; lastKnownFileType = sourcecode.swift; path = ActiveStatusIconView.swift; sourceTree = "<group>"; };
		3DB6AECE27F0F6F600AB4B97 /* DeleteButtonView.swift */ = {isa = PBXFileReference; lastKnownFileType = sourcecode.swift; path = DeleteButtonView.swift; sourceTree = "<group>"; };
		3DCC2A5027831F20005C252B /* README.md */ = {isa = PBXFileReference; lastKnownFileType = net.daringfireball.markdown; path = README.md; sourceTree = "<group>"; };
		3DCC2A5127832238005C252B /* LICENSE */ = {isa = PBXFileReference; lastKnownFileType = text; path = LICENSE; sourceTree = "<group>"; };
		3DCCC1A427FF62BA0036A9A7 /* ReminderVM.swift */ = {isa = PBXFileReference; lastKnownFileType = sourcecode.swift; path = ReminderVM.swift; sourceTree = "<group>"; };
		3DCCC1A627FF6D150036A9A7 /* BorrowerVM.swift */ = {isa = PBXFileReference; lastKnownFileType = sourcecode.swift; path = BorrowerVM.swift; sourceTree = "<group>"; };
		3DD3F1C127DF3939000F64D0 /* HintView.swift */ = {isa = PBXFileReference; lastKnownFileType = sourcecode.swift; path = HintView.swift; sourceTree = "<group>"; };
		3DDE13E027945C3C00EBB6E7 /* SheetModel.swift */ = {isa = PBXFileReference; lastKnownFileType = sourcecode.swift; path = SheetModel.swift; sourceTree = "<group>"; };
		3DDE13E227945D5C00EBB6E7 /* BorrowerListView.swift */ = {isa = PBXFileReference; lastKnownFileType = sourcecode.swift; path = BorrowerListView.swift; sourceTree = "<group>"; };
		3DE4283127DFDEC3006FA751 /* HintModel.swift */ = {isa = PBXFileReference; lastKnownFileType = sourcecode.swift; path = HintModel.swift; sourceTree = "<group>"; };
		3DF022542796FCEB00211124 /* LoanListVM.swift */ = {isa = PBXFileReference; lastKnownFileType = sourcecode.swift; path = LoanListVM.swift; sourceTree = "<group>"; };
		3DF022562796FE2B00211124 /* LoanVM.swift */ = {isa = PBXFileReference; lastKnownFileType = sourcecode.swift; path = LoanVM.swift; sourceTree = "<group>"; };
		3DF02258279701A500211124 /* AppVM.swift */ = {isa = PBXFileReference; lastKnownFileType = sourcecode.swift; path = AppVM.swift; sourceTree = "<group>"; };
		3DF0225A2797591600211124 /* ItemVM.swift */ = {isa = PBXFileReference; lastKnownFileType = sourcecode.swift; path = ItemVM.swift; sourceTree = "<group>"; };
		3DF0225C2797592B00211124 /* ItemModel.swift */ = {isa = PBXFileReference; lastKnownFileType = sourcecode.swift; path = ItemModel.swift; sourceTree = "<group>"; };
/* End PBXFileReference section */

/* Begin PBXFrameworksBuildPhase section */
		3D5901D0276FC92500373871 /* Frameworks */ = {
			isa = PBXFrameworksBuildPhase;
			buildActionMask = 2147483647;
			files = (
			);
			runOnlyForDeploymentPostprocessing = 0;
		};
		3D5901E0276FC92700373871 /* Frameworks */ = {
			isa = PBXFrameworksBuildPhase;
			buildActionMask = 2147483647;
			files = (
			);
			runOnlyForDeploymentPostprocessing = 0;
		};
		3D5901EA276FC92700373871 /* Frameworks */ = {
			isa = PBXFrameworksBuildPhase;
			buildActionMask = 2147483647;
			files = (
			);
			runOnlyForDeploymentPostprocessing = 0;
		};
/* End PBXFrameworksBuildPhase section */

/* Begin PBXGroup section */
		3D4FD97E279379FC00B52F3C /* Localization */ = {
			isa = PBXGroup;
			children = (
				3D4FD978279379E200B52F3C /* InfoPlist.strings */,
				3D4FD97B279379E200B52F3C /* Localizable.strings */,
			);
			path = Localization;
			sourceTree = "<group>";
		};
		3D5901CA276FC92500373871 = {
			isa = PBXGroup;
			children = (
				3DCC2A5127832238005C252B /* LICENSE */,
				3DCC2A5027831F20005C252B /* README.md */,
				3D5901D5276FC92500373871 /* Lentit */,
				3D5901E6276FC92700373871 /* LentitTests */,
				3D5901F0276FC92700373871 /* LentitUITests */,
				3D5901D4276FC92500373871 /* Products */,
			);
			sourceTree = "<group>";
		};
		3D5901D4276FC92500373871 /* Products */ = {
			isa = PBXGroup;
			children = (
				3D5901D3276FC92500373871 /* Lentit.app */,
				3D5901E3276FC92700373871 /* LentitTests.xctest */,
				3D5901ED276FC92700373871 /* LentitUITests.xctest */,
			);
			name = Products;
			sourceTree = "<group>";
		};
		3D5901D5276FC92500373871 /* Lentit */ = {
			isa = PBXGroup;
			children = (
				3D57DA1127F389B400806FA2 /* Info.plist */,
				3D5901DA276FC92700373871 /* Assets.xcassets */,
				3D5901D6276FC92500373871 /* LentitApp.swift */,
				3D5901DC276FC92700373871 /* Preview Content */,
				3D4FD97E279379FC00B52F3C /* Localization */,
				3D590201276FD04700373871 /* Models */,
				3D590202276FD05100373871 /* ViewModels */,
				3D590200276FD02B00373871 /* Views */,
			);
			path = Lentit;
			sourceTree = "<group>";
		};
		3D5901DC276FC92700373871 /* Preview Content */ = {
			isa = PBXGroup;
			children = (
				3D5901DD276FC92700373871 /* Preview Assets.xcassets */,
			);
			path = "Preview Content";
			sourceTree = "<group>";
		};
		3D5901E6276FC92700373871 /* LentitTests */ = {
			isa = PBXGroup;
			children = (
				3D5901E7276FC92700373871 /* LentitTests.swift */,
			);
			path = LentitTests;
			sourceTree = "<group>";
		};
		3D5901F0276FC92700373871 /* LentitUITests */ = {
			isa = PBXGroup;
			children = (
				3D5901F1276FC92700373871 /* LentitUITests.swift */,
				3D5901F3276FC92700373871 /* LentitUITestsLaunchTests.swift */,
			);
			path = LentitUITests;
			sourceTree = "<group>";
		};
		3D590200276FD02B00373871 /* Views */ = {
			isa = PBXGroup;
			children = (
				3D8C9F4327F096740002EA78 /* SharedViews */,
				3D5901D8276FC92500373871 /* AppView.swift */,
				3D05A6D527EDBBAA002A17C1 /* BorrowerDetailView.swift */,
				3DDE13E227945D5C00EBB6E7 /* BorrowerListView.swift */,
				3DD3F1C127DF3939000F64D0 /* HintView.swift */,
				3D590203276FD16100373871 /* HomeView.swift */,
				3D54BDE32794A920001DF0AD /* ItemDetailView.swift */,
				3D572C7D279AE1E2002618D7 /* ItemListView.swift */,
				3D590207276FD91F00373871 /* LoanDetailView.swift */,
				3D05A6D327EDAFF9002A17C1 /* LoanListView.swift */,
				3D590209276FDDF200373871 /* SidebarMenuView.swift */,
			);
			path = Views;
			sourceTree = "<group>";
		};
		3D590201276FD04700373871 /* Models */ = {
			isa = PBXGroup;
			children = (
				3D4FD974279365B800B52F3C /* AlertModel.swift */,
				3D4FD96E2793033000B52F3C /* BorrowerModel.swift */,
				3D5551F12770E9300007BE3E /* DataStoreModel.swift */,
				3DF0225C2797592B00211124 /* ItemModel.swift */,
				3D13A65327960DD6008FDC42 /* LoanModel.swift */,
				3DDE13E027945C3C00EBB6E7 /* SheetModel.swift */,
				3DE4283127DFDEC3006FA751 /* HintModel.swift */,
			);
			path = Models;
			sourceTree = "<group>";
		};
		3D590202276FD05100373871 /* ViewModels */ = {
			isa = PBXGroup;
			children = (
				3DF02258279701A500211124 /* AppVM.swift */,
				3D4FD9702793092600B52F3C /* BorrowerDetailVM.swift */,
				3D52612227FB744700E8D739 /* BorrowerListEntryVM.swift */,
				3D572C7F279B40EB002618D7 /* BorrowerListVM.swift */,
				3DCCC1A627FF6D150036A9A7 /* BorrowerVM.swift */,
				3D52612027FB742D00E8D739 /* ItemListEntryVM.swift */,
				3D572C81279B44D3002618D7 /* ItemListVM.swift */,
				3DF0225A2797591600211124 /* ItemVM.swift */,
				3D80ABC127F9B33A00A58DA7 /* LoanListEntryVM.swift */,
				3DF022542796FCEB00211124 /* LoanListVM.swift */,
				3DF022562796FE2B00211124 /* LoanVM.swift */,
				3DCCC1A427FF62BA0036A9A7 /* ReminderVM.swift */,
			);
			path = ViewModels;
			sourceTree = "<group>";
		};
		3D8C9F4327F096740002EA78 /* SharedViews */ = {
			isa = PBXGroup;
			children = (
				3D8C9F4427F096B90002EA78 /* ItemCategoryFullNameView.swift */,
				3D8C9F4827F098E30002EA78 /* LoanStatusNameView.swift */,
				3D8C9F4A27F09D120002EA78 /* EditButtonView.swift */,
				3D8C9F4C27F09E0F0002EA78 /* NewButtonView.swift */,
				3DB6AECE27F0F6F600AB4B97 /* DeleteButtonView.swift */,
				3D6669B027F1941900D24C91 /* ItemImageView.swift */,
				3D8C9F4627F097EF0002EA78 /* ItemStatusNameView.swift */,
				3D6669B227F19EA500D24C91 /* SaveButtonView.swift */,
				3D8EAD8727FE17B800EC4DB9 /* ActiveStatusIconView.swift */,
			);
			path = SharedViews;
			sourceTree = "<group>";
		};
/* End PBXGroup section */

/* Begin PBXNativeTarget section */
		3D5901D2276FC92500373871 /* Lentit */ = {
			isa = PBXNativeTarget;
			buildConfigurationList = 3D5901F7276FC92700373871 /* Build configuration list for PBXNativeTarget "Lentit" */;
			buildPhases = (
				3D5901CF276FC92500373871 /* Sources */,
				3D5901D0276FC92500373871 /* Frameworks */,
				3D5901D1276FC92500373871 /* Resources */,
			);
			buildRules = (
			);
			dependencies = (
			);
			name = Lentit;
			productName = LendingLogbook;
			productReference = 3D5901D3276FC92500373871 /* Lentit.app */;
			productType = "com.apple.product-type.application";
		};
		3D5901E2276FC92700373871 /* LentitTests */ = {
			isa = PBXNativeTarget;
			buildConfigurationList = 3D5901FA276FC92700373871 /* Build configuration list for PBXNativeTarget "LentitTests" */;
			buildPhases = (
				3D5901DF276FC92700373871 /* Sources */,
				3D5901E0276FC92700373871 /* Frameworks */,
				3D5901E1276FC92700373871 /* Resources */,
			);
			buildRules = (
			);
			dependencies = (
				3D5901E5276FC92700373871 /* PBXTargetDependency */,
			);
			name = LentitTests;
			productName = LendingLogbookTests;
			productReference = 3D5901E3276FC92700373871 /* LentitTests.xctest */;
			productType = "com.apple.product-type.bundle.unit-test";
		};
		3D5901EC276FC92700373871 /* LentitUITests */ = {
			isa = PBXNativeTarget;
			buildConfigurationList = 3D5901FD276FC92700373871 /* Build configuration list for PBXNativeTarget "LentitUITests" */;
			buildPhases = (
				3D5901E9276FC92700373871 /* Sources */,
				3D5901EA276FC92700373871 /* Frameworks */,
				3D5901EB276FC92700373871 /* Resources */,
			);
			buildRules = (
			);
			dependencies = (
				3D5901EF276FC92700373871 /* PBXTargetDependency */,
			);
			name = LentitUITests;
			productName = LendingLogbookUITests;
			productReference = 3D5901ED276FC92700373871 /* LentitUITests.xctest */;
			productType = "com.apple.product-type.bundle.ui-testing";
		};
/* End PBXNativeTarget section */

/* Begin PBXProject section */
		3D5901CB276FC92500373871 /* Project object */ = {
			isa = PBXProject;
			attributes = {
				BuildIndependentTargetsInParallel = 1;
				LastSwiftUpdateCheck = 1310;
				LastUpgradeCheck = 1310;
				TargetAttributes = {
					3D5901D2276FC92500373871 = {
						CreatedOnToolsVersion = 13.1;
					};
					3D5901E2276FC92700373871 = {
						CreatedOnToolsVersion = 13.1;
						TestTargetID = 3D5901D2276FC92500373871;
					};
					3D5901EC276FC92700373871 = {
						CreatedOnToolsVersion = 13.1;
						TestTargetID = 3D5901D2276FC92500373871;
					};
				};
			};
			buildConfigurationList = 3D5901CE276FC92500373871 /* Build configuration list for PBXProject "Lentit" */;
			compatibilityVersion = "Xcode 13.0";
			developmentRegion = en;
			hasScannedForEncodings = 0;
			knownRegions = (
				en,
				Base,
				fr,
			);
			mainGroup = 3D5901CA276FC92500373871;
			productRefGroup = 3D5901D4276FC92500373871 /* Products */;
			projectDirPath = "";
			projectRoot = "";
			targets = (
				3D5901D2276FC92500373871 /* Lentit */,
				3D5901E2276FC92700373871 /* LentitTests */,
				3D5901EC276FC92700373871 /* LentitUITests */,
			);
		};
/* End PBXProject section */

/* Begin PBXResourcesBuildPhase section */
		3D5901D1276FC92500373871 /* Resources */ = {
			isa = PBXResourcesBuildPhase;
			buildActionMask = 2147483647;
			files = (
				3D5901DE276FC92700373871 /* Preview Assets.xcassets in Resources */,
				3D4FD97D279379E200B52F3C /* Localizable.strings in Resources */,
				3D4FD97A279379E200B52F3C /* InfoPlist.strings in Resources */,
				3D5901DB276FC92700373871 /* Assets.xcassets in Resources */,
			);
			runOnlyForDeploymentPostprocessing = 0;
		};
		3D5901E1276FC92700373871 /* Resources */ = {
			isa = PBXResourcesBuildPhase;
			buildActionMask = 2147483647;
			files = (
			);
			runOnlyForDeploymentPostprocessing = 0;
		};
		3D5901EB276FC92700373871 /* Resources */ = {
			isa = PBXResourcesBuildPhase;
			buildActionMask = 2147483647;
			files = (
			);
			runOnlyForDeploymentPostprocessing = 0;
		};
/* End PBXResourcesBuildPhase section */

/* Begin PBXSourcesBuildPhase section */
		3D5901CF276FC92500373871 /* Sources */ = {
			isa = PBXSourcesBuildPhase;
			buildActionMask = 2147483647;
			files = (
				3D05A6D627EDBBAA002A17C1 /* BorrowerDetailView.swift in Sources */,
				3D5901D9276FC92500373871 /* AppView.swift in Sources */,
				3D4FD975279365B800B52F3C /* AlertModel.swift in Sources */,
				3DF022572796FE2B00211124 /* LoanVM.swift in Sources */,
				3D8C9F4B27F09D120002EA78 /* EditButtonView.swift in Sources */,
				3DB6AECF27F0F6F600AB4B97 /* DeleteButtonView.swift in Sources */,
				3D8C9F4D27F09E0F0002EA78 /* NewButtonView.swift in Sources */,
				3D572C82279B44D3002618D7 /* ItemListVM.swift in Sources */,
				3D590208276FD91F00373871 /* LoanDetailView.swift in Sources */,
				3DF0225D2797592B00211124 /* ItemModel.swift in Sources */,
				3D80ABC227F9B33A00A58DA7 /* LoanListEntryVM.swift in Sources */,
				3D6669B327F19EA500D24C91 /* SaveButtonView.swift in Sources */,
				3D8EAD8827FE17B800EC4DB9 /* ActiveStatusIconView.swift in Sources */,
				3D05A6D427EDAFF9002A17C1 /* LoanListView.swift in Sources */,
				3DCCC1A527FF62BA0036A9A7 /* ReminderVM.swift in Sources */,
				3D590204276FD16100373871 /* HomeView.swift in Sources */,
				3D59020A276FDDF200373871 /* SidebarMenuView.swift in Sources */,
				3DDE13E127945C3C00EBB6E7 /* SheetModel.swift in Sources */,
				3D8C9F4527F096B90002EA78 /* ItemCategoryFullNameView.swift in Sources */,
				3D572C80279B40EB002618D7 /* BorrowerListVM.swift in Sources */,
				3DCCC1A727FF6D150036A9A7 /* BorrowerVM.swift in Sources */,
				3DDE13E327945D5C00EBB6E7 /* BorrowerListView.swift in Sources */,
				3D5901D7276FC92500373871 /* LentitApp.swift in Sources */,
				3D5551F22770E9300007BE3E /* DataStoreModel.swift in Sources */,
				3DE4283227DFDEC3006FA751 /* HintModel.swift in Sources */,
				3D8C9F4927F098E30002EA78 /* LoanStatusNameView.swift in Sources */,
				3D52612327FB744700E8D739 /* BorrowerListEntryVM.swift in Sources */,
				3D52612127FB742D00E8D739 /* ItemListEntryVM.swift in Sources */,
				3D13A65427960DD6008FDC42 /* LoanModel.swift in Sources */,
				3DF0225B2797591600211124 /* ItemVM.swift in Sources */,
				3DD3F1C227DF3939000F64D0 /* HintView.swift in Sources */,
				3D4FD9712793092600B52F3C /* BorrowerDetailVM.swift in Sources */,
				3D572C7E279AE1E2002618D7 /* ItemListView.swift in Sources */,
				3DF02259279701A500211124 /* AppVM.swift in Sources */,
				3D6669B127F1941900D24C91 /* ItemImageView.swift in Sources */,
				3D8C9F4727F097EF0002EA78 /* ItemStatusNameView.swift in Sources */,
				3D54BDE42794A920001DF0AD /* ItemDetailView.swift in Sources */,
				3DF022552796FCEB00211124 /* LoanListVM.swift in Sources */,
				3D4FD96F2793033000B52F3C /* BorrowerModel.swift in Sources */,
			);
			runOnlyForDeploymentPostprocessing = 0;
		};
		3D5901DF276FC92700373871 /* Sources */ = {
			isa = PBXSourcesBuildPhase;
			buildActionMask = 2147483647;
			files = (
				3D5901E8276FC92700373871 /* LentitTests.swift in Sources */,
			);
			runOnlyForDeploymentPostprocessing = 0;
		};
		3D5901E9276FC92700373871 /* Sources */ = {
			isa = PBXSourcesBuildPhase;
			buildActionMask = 2147483647;
			files = (
				3D5901F4276FC92700373871 /* LentitUITestsLaunchTests.swift in Sources */,
				3D5901F2276FC92700373871 /* LentitUITests.swift in Sources */,
			);
			runOnlyForDeploymentPostprocessing = 0;
		};
/* End PBXSourcesBuildPhase section */

/* Begin PBXTargetDependency section */
		3D5901E5276FC92700373871 /* PBXTargetDependency */ = {
			isa = PBXTargetDependency;
			target = 3D5901D2276FC92500373871 /* Lentit */;
			targetProxy = 3D5901E4276FC92700373871 /* PBXContainerItemProxy */;
		};
		3D5901EF276FC92700373871 /* PBXTargetDependency */ = {
			isa = PBXTargetDependency;
			target = 3D5901D2276FC92500373871 /* Lentit */;
			targetProxy = 3D5901EE276FC92700373871 /* PBXContainerItemProxy */;
		};
/* End PBXTargetDependency section */

/* Begin PBXVariantGroup section */
		3D4FD978279379E200B52F3C /* InfoPlist.strings */ = {
			isa = PBXVariantGroup;
			children = (
				3D4FD979279379E200B52F3C /* fr */,
				3D01279C27CE230D002634C2 /* en */,
			);
			name = InfoPlist.strings;
			sourceTree = "<group>";
		};
		3D4FD97B279379E200B52F3C /* Localizable.strings */ = {
			isa = PBXVariantGroup;
			children = (
				3D4FD97C279379E200B52F3C /* fr */,
				3D01279D27CE2362002634C2 /* en */,
			);
			name = Localizable.strings;
			sourceTree = "<group>";
		};
/* End PBXVariantGroup section */

/* Begin XCBuildConfiguration section */
		3D5901F5276FC92700373871 /* Debug */ = {
			isa = XCBuildConfiguration;
			buildSettings = {
				ALWAYS_SEARCH_USER_PATHS = NO;
				CLANG_ANALYZER_NONNULL = YES;
				CLANG_ANALYZER_NUMBER_OBJECT_CONVERSION = YES_AGGRESSIVE;
				CLANG_CXX_LANGUAGE_STANDARD = "gnu++17";
				CLANG_CXX_LIBRARY = "libc++";
				CLANG_ENABLE_MODULES = YES;
				CLANG_ENABLE_OBJC_ARC = YES;
				CLANG_ENABLE_OBJC_WEAK = YES;
				CLANG_WARN_BLOCK_CAPTURE_AUTORELEASING = YES;
				CLANG_WARN_BOOL_CONVERSION = YES;
				CLANG_WARN_COMMA = YES;
				CLANG_WARN_CONSTANT_CONVERSION = YES;
				CLANG_WARN_DEPRECATED_OBJC_IMPLEMENTATIONS = YES;
				CLANG_WARN_DIRECT_OBJC_ISA_USAGE = YES_ERROR;
				CLANG_WARN_DOCUMENTATION_COMMENTS = YES;
				CLANG_WARN_EMPTY_BODY = YES;
				CLANG_WARN_ENUM_CONVERSION = YES;
				CLANG_WARN_INFINITE_RECURSION = YES;
				CLANG_WARN_INT_CONVERSION = YES;
				CLANG_WARN_NON_LITERAL_NULL_CONVERSION = YES;
				CLANG_WARN_OBJC_IMPLICIT_RETAIN_SELF = YES;
				CLANG_WARN_OBJC_LITERAL_CONVERSION = YES;
				CLANG_WARN_OBJC_ROOT_CLASS = YES_ERROR;
				CLANG_WARN_QUOTED_INCLUDE_IN_FRAMEWORK_HEADER = YES;
				CLANG_WARN_RANGE_LOOP_ANALYSIS = YES;
				CLANG_WARN_STRICT_PROTOTYPES = YES;
				CLANG_WARN_SUSPICIOUS_MOVE = YES;
				CLANG_WARN_UNGUARDED_AVAILABILITY = YES_AGGRESSIVE;
				CLANG_WARN_UNREACHABLE_CODE = YES;
				CLANG_WARN__DUPLICATE_METHOD_MATCH = YES;
				COPY_PHASE_STRIP = NO;
				DEBUG_INFORMATION_FORMAT = dwarf;
				ENABLE_STRICT_OBJC_MSGSEND = YES;
				ENABLE_TESTABILITY = YES;
				GCC_C_LANGUAGE_STANDARD = gnu11;
				GCC_DYNAMIC_NO_PIC = NO;
				GCC_NO_COMMON_BLOCKS = YES;
				GCC_OPTIMIZATION_LEVEL = 0;
				GCC_PREPROCESSOR_DEFINITIONS = (
					"DEBUG=1",
					"$(inherited)",
				);
				GCC_WARN_64_TO_32_BIT_CONVERSION = YES;
				GCC_WARN_ABOUT_RETURN_TYPE = YES_ERROR;
				GCC_WARN_UNDECLARED_SELECTOR = YES;
				GCC_WARN_UNINITIALIZED_AUTOS = YES_AGGRESSIVE;
				GCC_WARN_UNUSED_FUNCTION = YES;
				GCC_WARN_UNUSED_VARIABLE = YES;
				IPHONEOS_DEPLOYMENT_TARGET = 14.5;
				MTL_ENABLE_DEBUG_INFO = INCLUDE_SOURCE;
				MTL_FAST_MATH = YES;
				ONLY_ACTIVE_ARCH = YES;
				SDKROOT = iphoneos;
				SWIFT_ACTIVE_COMPILATION_CONDITIONS = DEBUG;
				SWIFT_EMIT_LOC_STRINGS = YES;
				SWIFT_OPTIMIZATION_LEVEL = "-Onone";
			};
			name = Debug;
		};
		3D5901F6276FC92700373871 /* Release */ = {
			isa = XCBuildConfiguration;
			buildSettings = {
				ALWAYS_SEARCH_USER_PATHS = NO;
				CLANG_ANALYZER_NONNULL = YES;
				CLANG_ANALYZER_NUMBER_OBJECT_CONVERSION = YES_AGGRESSIVE;
				CLANG_CXX_LANGUAGE_STANDARD = "gnu++17";
				CLANG_CXX_LIBRARY = "libc++";
				CLANG_ENABLE_MODULES = YES;
				CLANG_ENABLE_OBJC_ARC = YES;
				CLANG_ENABLE_OBJC_WEAK = YES;
				CLANG_WARN_BLOCK_CAPTURE_AUTORELEASING = YES;
				CLANG_WARN_BOOL_CONVERSION = YES;
				CLANG_WARN_COMMA = YES;
				CLANG_WARN_CONSTANT_CONVERSION = YES;
				CLANG_WARN_DEPRECATED_OBJC_IMPLEMENTATIONS = YES;
				CLANG_WARN_DIRECT_OBJC_ISA_USAGE = YES_ERROR;
				CLANG_WARN_DOCUMENTATION_COMMENTS = YES;
				CLANG_WARN_EMPTY_BODY = YES;
				CLANG_WARN_ENUM_CONVERSION = YES;
				CLANG_WARN_INFINITE_RECURSION = YES;
				CLANG_WARN_INT_CONVERSION = YES;
				CLANG_WARN_NON_LITERAL_NULL_CONVERSION = YES;
				CLANG_WARN_OBJC_IMPLICIT_RETAIN_SELF = YES;
				CLANG_WARN_OBJC_LITERAL_CONVERSION = YES;
				CLANG_WARN_OBJC_ROOT_CLASS = YES_ERROR;
				CLANG_WARN_QUOTED_INCLUDE_IN_FRAMEWORK_HEADER = YES;
				CLANG_WARN_RANGE_LOOP_ANALYSIS = YES;
				CLANG_WARN_STRICT_PROTOTYPES = YES;
				CLANG_WARN_SUSPICIOUS_MOVE = YES;
				CLANG_WARN_UNGUARDED_AVAILABILITY = YES_AGGRESSIVE;
				CLANG_WARN_UNREACHABLE_CODE = YES;
				CLANG_WARN__DUPLICATE_METHOD_MATCH = YES;
				COPY_PHASE_STRIP = NO;
				DEBUG_INFORMATION_FORMAT = "dwarf-with-dsym";
				ENABLE_NS_ASSERTIONS = NO;
				ENABLE_STRICT_OBJC_MSGSEND = YES;
				GCC_C_LANGUAGE_STANDARD = gnu11;
				GCC_NO_COMMON_BLOCKS = YES;
				GCC_WARN_64_TO_32_BIT_CONVERSION = YES;
				GCC_WARN_ABOUT_RETURN_TYPE = YES_ERROR;
				GCC_WARN_UNDECLARED_SELECTOR = YES;
				GCC_WARN_UNINITIALIZED_AUTOS = YES_AGGRESSIVE;
				GCC_WARN_UNUSED_FUNCTION = YES;
				GCC_WARN_UNUSED_VARIABLE = YES;
				IPHONEOS_DEPLOYMENT_TARGET = 14.5;
				MTL_ENABLE_DEBUG_INFO = NO;
				MTL_FAST_MATH = YES;
				SDKROOT = iphoneos;
				SWIFT_COMPILATION_MODE = wholemodule;
				SWIFT_EMIT_LOC_STRINGS = YES;
				SWIFT_OPTIMIZATION_LEVEL = "-O";
				VALIDATE_PRODUCT = YES;
			};
			name = Release;
		};
		3D5901F8276FC92700373871 /* Debug */ = {
			isa = XCBuildConfiguration;
			buildSettings = {
				ASSETCATALOG_COMPILER_APPICON_NAME = AppIcon;
				ASSETCATALOG_COMPILER_GLOBAL_ACCENT_COLOR_NAME = AccentColor;
				CODE_SIGN_STYLE = Automatic;
				CURRENT_PROJECT_VERSION = 2;
				DEVELOPMENT_ASSET_PATHS = "\"Lentit/Preview Content\"";
				DEVELOPMENT_TEAM = 93YH69Z9HR;
				ENABLE_PREVIEWS = YES;
				GENERATE_INFOPLIST_FILE = YES;
				INFOPLIST_FILE = Lentit/Info.plist;
				INFOPLIST_KEY_UIApplicationSceneManifest_Generation = YES;
				INFOPLIST_KEY_UIApplicationSupportsIndirectInputEvents = YES;
				INFOPLIST_KEY_UISupportedInterfaceOrientations = "UIInterfaceOrientationPortrait UIInterfaceOrientationLandscapeLeft UIInterfaceOrientationLandscapeRight";
				INFOPLIST_KEY_UISupportedInterfaceOrientations_iPad = "UIInterfaceOrientationPortrait UIInterfaceOrientationPortraitUpsideDown UIInterfaceOrientationLandscapeLeft UIInterfaceOrientationLandscapeRight";
				INFOPLIST_KEY_UISupportedInterfaceOrientations_iPhone = "UIInterfaceOrientationPortrait UIInterfaceOrientationLandscapeLeft UIInterfaceOrientationLandscapeRight";
				IPHONEOS_DEPLOYMENT_TARGET = 14.5;
				LD_RUNPATH_SEARCH_PATHS = (
					"$(inherited)",
					"@executable_path/Frameworks",
				);
				MARKETING_VERSION = 0.2;
				PRODUCT_BUNDLE_IDENTIFIER = WilliamMead.Lentit;
				PRODUCT_NAME = Lentit;
				SWIFT_EMIT_LOC_STRINGS = YES;
				SWIFT_VERSION = 5.0;
				TARGETED_DEVICE_FAMILY = "1,2";
			};
			name = Debug;
		};
		3D5901F9276FC92700373871 /* Release */ = {
			isa = XCBuildConfiguration;
			buildSettings = {
				ASSETCATALOG_COMPILER_APPICON_NAME = AppIcon;
				ASSETCATALOG_COMPILER_GLOBAL_ACCENT_COLOR_NAME = AccentColor;
				CODE_SIGN_STYLE = Automatic;
				CURRENT_PROJECT_VERSION = 2;
				DEVELOPMENT_ASSET_PATHS = "\"Lentit/Preview Content\"";
				DEVELOPMENT_TEAM = 93YH69Z9HR;
				ENABLE_PREVIEWS = YES;
				GENERATE_INFOPLIST_FILE = YES;
				INFOPLIST_FILE = Lentit/Info.plist;
				INFOPLIST_KEY_UIApplicationSceneManifest_Generation = YES;
				INFOPLIST_KEY_UIApplicationSupportsIndirectInputEvents = YES;
				INFOPLIST_KEY_UISupportedInterfaceOrientations = "UIInterfaceOrientationPortrait UIInterfaceOrientationLandscapeLeft UIInterfaceOrientationLandscapeRight";
				INFOPLIST_KEY_UISupportedInterfaceOrientations_iPad = "UIInterfaceOrientationPortrait UIInterfaceOrientationPortraitUpsideDown UIInterfaceOrientationLandscapeLeft UIInterfaceOrientationLandscapeRight";
				INFOPLIST_KEY_UISupportedInterfaceOrientations_iPhone = "UIInterfaceOrientationPortrait UIInterfaceOrientationLandscapeLeft UIInterfaceOrientationLandscapeRight";
				IPHONEOS_DEPLOYMENT_TARGET = 14.5;
				LD_RUNPATH_SEARCH_PATHS = (
					"$(inherited)",
					"@executable_path/Frameworks",
				);
				MARKETING_VERSION = 0.2;
				PRODUCT_BUNDLE_IDENTIFIER = WilliamMead.Lentit;
				PRODUCT_NAME = Lentit;
				SWIFT_EMIT_LOC_STRINGS = YES;
				SWIFT_VERSION = 5.0;
				TARGETED_DEVICE_FAMILY = "1,2";
			};
			name = Release;
		};
		3D5901FB276FC92700373871 /* Debug */ = {
			isa = XCBuildConfiguration;
			buildSettings = {
				ALWAYS_EMBED_SWIFT_STANDARD_LIBRARIES = YES;
				BUNDLE_LOADER = "$(TEST_HOST)";
				CODE_SIGN_STYLE = Automatic;
				CURRENT_PROJECT_VERSION = 1;
				DEVELOPMENT_TEAM = 93YH69Z9HR;
				GENERATE_INFOPLIST_FILE = YES;
				IPHONEOS_DEPLOYMENT_TARGET = 15.0;
				LD_RUNPATH_SEARCH_PATHS = (
					"$(inherited)",
					"@executable_path/Frameworks",
					"@loader_path/Frameworks",
				);
				MARKETING_VERSION = 1.0;
				PRODUCT_BUNDLE_IDENTIFIER = WilliamMead.LentitTests;
				PRODUCT_NAME = "$(TARGET_NAME)";
				SWIFT_EMIT_LOC_STRINGS = NO;
				SWIFT_VERSION = 5.0;
				TARGETED_DEVICE_FAMILY = "1,2";
				TEST_HOST = "$(BUILT_PRODUCTS_DIR)/Lentit.app/Lentit";
			};
			name = Debug;
		};
		3D5901FC276FC92700373871 /* Release */ = {
			isa = XCBuildConfiguration;
			buildSettings = {
				ALWAYS_EMBED_SWIFT_STANDARD_LIBRARIES = YES;
				BUNDLE_LOADER = "$(TEST_HOST)";
				CODE_SIGN_STYLE = Automatic;
				CURRENT_PROJECT_VERSION = 1;
				DEVELOPMENT_TEAM = 93YH69Z9HR;
				GENERATE_INFOPLIST_FILE = YES;
				IPHONEOS_DEPLOYMENT_TARGET = 15.0;
				LD_RUNPATH_SEARCH_PATHS = (
					"$(inherited)",
					"@executable_path/Frameworks",
					"@loader_path/Frameworks",
				);
				MARKETING_VERSION = 1.0;
				PRODUCT_BUNDLE_IDENTIFIER = WilliamMead.LentitTests;
				PRODUCT_NAME = "$(TARGET_NAME)";
				SWIFT_EMIT_LOC_STRINGS = NO;
				SWIFT_VERSION = 5.0;
				TARGETED_DEVICE_FAMILY = "1,2";
				TEST_HOST = "$(BUILT_PRODUCTS_DIR)/Lentit.app/Lentit";
			};
			name = Release;
		};
		3D5901FE276FC92700373871 /* Debug */ = {
			isa = XCBuildConfiguration;
			buildSettings = {
				ALWAYS_EMBED_SWIFT_STANDARD_LIBRARIES = YES;
				CODE_SIGN_STYLE = Automatic;
				CURRENT_PROJECT_VERSION = 1;
				DEVELOPMENT_TEAM = 93YH69Z9HR;
				GENERATE_INFOPLIST_FILE = YES;
				LD_RUNPATH_SEARCH_PATHS = (
					"$(inherited)",
					"@executable_path/Frameworks",
					"@loader_path/Frameworks",
				);
				MARKETING_VERSION = 1.0;
				PRODUCT_BUNDLE_IDENTIFIER = WilliamMead.LentitUITests;
				PRODUCT_NAME = "$(TARGET_NAME)";
				SWIFT_EMIT_LOC_STRINGS = NO;
				SWIFT_VERSION = 5.0;
				TARGETED_DEVICE_FAMILY = "1,2";
				TEST_TARGET_NAME = Lentit;
			};
			name = Debug;
		};
		3D5901FF276FC92700373871 /* Release */ = {
			isa = XCBuildConfiguration;
			buildSettings = {
				ALWAYS_EMBED_SWIFT_STANDARD_LIBRARIES = YES;
				CODE_SIGN_STYLE = Automatic;
				CURRENT_PROJECT_VERSION = 1;
				DEVELOPMENT_TEAM = 93YH69Z9HR;
				GENERATE_INFOPLIST_FILE = YES;
				LD_RUNPATH_SEARCH_PATHS = (
					"$(inherited)",
					"@executable_path/Frameworks",
					"@loader_path/Frameworks",
				);
				MARKETING_VERSION = 1.0;
				PRODUCT_BUNDLE_IDENTIFIER = WilliamMead.LentitUITests;
				PRODUCT_NAME = "$(TARGET_NAME)";
				SWIFT_EMIT_LOC_STRINGS = NO;
				SWIFT_VERSION = 5.0;
				TARGETED_DEVICE_FAMILY = "1,2";
				TEST_TARGET_NAME = Lentit;
			};
			name = Release;
		};
/* End XCBuildConfiguration section */

/* Begin XCConfigurationList section */
		3D5901CE276FC92500373871 /* Build configuration list for PBXProject "Lentit" */ = {
			isa = XCConfigurationList;
			buildConfigurations = (
				3D5901F5276FC92700373871 /* Debug */,
				3D5901F6276FC92700373871 /* Release */,
			);
			defaultConfigurationIsVisible = 0;
			defaultConfigurationName = Release;
		};
		3D5901F7276FC92700373871 /* Build configuration list for PBXNativeTarget "Lentit" */ = {
			isa = XCConfigurationList;
			buildConfigurations = (
				3D5901F8276FC92700373871 /* Debug */,
				3D5901F9276FC92700373871 /* Release */,
			);
			defaultConfigurationIsVisible = 0;
			defaultConfigurationName = Release;
		};
		3D5901FA276FC92700373871 /* Build configuration list for PBXNativeTarget "LentitTests" */ = {
			isa = XCConfigurationList;
			buildConfigurations = (
				3D5901FB276FC92700373871 /* Debug */,
				3D5901FC276FC92700373871 /* Release */,
			);
			defaultConfigurationIsVisible = 0;
			defaultConfigurationName = Release;
		};
		3D5901FD276FC92700373871 /* Build configuration list for PBXNativeTarget "LentitUITests" */ = {
			isa = XCConfigurationList;
			buildConfigurations = (
				3D5901FE276FC92700373871 /* Debug */,
				3D5901FF276FC92700373871 /* Release */,
			);
			defaultConfigurationIsVisible = 0;
			defaultConfigurationName = Release;
		};
/* End XCConfigurationList section */
	};
	rootObject = 3D5901CB276FC92500373871 /* Project object */;
}
