// !$*UTF8*$!
{
	archiveVersion = 1;
	classes = {
	};
	objectVersion = 55;
	objects = {

/* Begin PBXBuildFile section */
		3D352D8F27709993000F8148 /* LentItemModel.swift in Sources */ = {isa = PBXBuildFile; fileRef = 3D352D8E27709993000F8148 /* LentItemModel.swift */; };
		3D5551F22770E9300007BE3E /* LentItemStoreModel.swift in Sources */ = {isa = PBXBuildFile; fileRef = 3D5551F12770E9300007BE3E /* LentItemStoreModel.swift */; };
		3D5901D7276FC92500373871 /* LendingLogbookApp.swift in Sources */ = {isa = PBXBuildFile; fileRef = 3D5901D6276FC92500373871 /* LendingLogbookApp.swift */; };
		3D5901D9276FC92500373871 /* ContentView.swift in Sources */ = {isa = PBXBuildFile; fileRef = 3D5901D8276FC92500373871 /* ContentView.swift */; };
		3D5901DB276FC92700373871 /* Assets.xcassets in Resources */ = {isa = PBXBuildFile; fileRef = 3D5901DA276FC92700373871 /* Assets.xcassets */; };
		3D5901DE276FC92700373871 /* Preview Assets.xcassets in Resources */ = {isa = PBXBuildFile; fileRef = 3D5901DD276FC92700373871 /* Preview Assets.xcassets */; };
		3D5901E8276FC92700373871 /* LendingLogbookTests.swift in Sources */ = {isa = PBXBuildFile; fileRef = 3D5901E7276FC92700373871 /* LendingLogbookTests.swift */; };
		3D5901F2276FC92700373871 /* LendingLogbookUITests.swift in Sources */ = {isa = PBXBuildFile; fileRef = 3D5901F1276FC92700373871 /* LendingLogbookUITests.swift */; };
		3D5901F4276FC92700373871 /* LendingLogbookUITestsLaunchTests.swift in Sources */ = {isa = PBXBuildFile; fileRef = 3D5901F3276FC92700373871 /* LendingLogbookUITestsLaunchTests.swift */; };
		3D590204276FD16100373871 /* LentItemsListView.swift in Sources */ = {isa = PBXBuildFile; fileRef = 3D590203276FD16100373871 /* LentItemsListView.swift */; };
		3D590206276FD36000373871 /* LentItemVM.swift in Sources */ = {isa = PBXBuildFile; fileRef = 3D590205276FD36000373871 /* LentItemVM.swift */; };
		3D590208276FD91F00373871 /* LentItemDetailView.swift in Sources */ = {isa = PBXBuildFile; fileRef = 3D590207276FD91F00373871 /* LentItemDetailView.swift */; };
		3D59020A276FDDF200373871 /* SidebarMenuView.swift in Sources */ = {isa = PBXBuildFile; fileRef = 3D590209276FDDF200373871 /* SidebarMenuView.swift */; };
		3DD36F032771E1DE002C333C /* LentItemListVM.swift in Sources */ = {isa = PBXBuildFile; fileRef = 3DD36F022771E1DE002C333C /* LentItemListVM.swift */; };
/* End PBXBuildFile section */

/* Begin PBXContainerItemProxy section */
		3D5901E4276FC92700373871 /* PBXContainerItemProxy */ = {
			isa = PBXContainerItemProxy;
			containerPortal = 3D5901CB276FC92500373871 /* Project object */;
			proxyType = 1;
			remoteGlobalIDString = 3D5901D2276FC92500373871;
			remoteInfo = LendingLogbook;
		};
		3D5901EE276FC92700373871 /* PBXContainerItemProxy */ = {
			isa = PBXContainerItemProxy;
			containerPortal = 3D5901CB276FC92500373871 /* Project object */;
			proxyType = 1;
			remoteGlobalIDString = 3D5901D2276FC92500373871;
			remoteInfo = LendingLogbook;
		};
/* End PBXContainerItemProxy section */

/* Begin PBXFileReference section */
		3D352D8E27709993000F8148 /* LentItemModel.swift */ = {isa = PBXFileReference; lastKnownFileType = sourcecode.swift; path = LentItemModel.swift; sourceTree = "<group>"; };
		3D5551F12770E9300007BE3E /* LentItemStoreModel.swift */ = {isa = PBXFileReference; lastKnownFileType = sourcecode.swift; path = LentItemStoreModel.swift; sourceTree = "<group>"; };
		3D5901D3276FC92500373871 /* LendingLogbook.app */ = {isa = PBXFileReference; explicitFileType = wrapper.application; includeInIndex = 0; path = LendingLogbook.app; sourceTree = BUILT_PRODUCTS_DIR; };
		3D5901D6276FC92500373871 /* LendingLogbookApp.swift */ = {isa = PBXFileReference; lastKnownFileType = sourcecode.swift; path = LendingLogbookApp.swift; sourceTree = "<group>"; };
		3D5901D8276FC92500373871 /* ContentView.swift */ = {isa = PBXFileReference; lastKnownFileType = sourcecode.swift; path = ContentView.swift; sourceTree = "<group>"; };
		3D5901DA276FC92700373871 /* Assets.xcassets */ = {isa = PBXFileReference; lastKnownFileType = folder.assetcatalog; path = Assets.xcassets; sourceTree = "<group>"; };
		3D5901DD276FC92700373871 /* Preview Assets.xcassets */ = {isa = PBXFileReference; lastKnownFileType = folder.assetcatalog; path = "Preview Assets.xcassets"; sourceTree = "<group>"; };
		3D5901E3276FC92700373871 /* LendingLogbookTests.xctest */ = {isa = PBXFileReference; explicitFileType = wrapper.cfbundle; includeInIndex = 0; path = LendingLogbookTests.xctest; sourceTree = BUILT_PRODUCTS_DIR; };
		3D5901E7276FC92700373871 /* LendingLogbookTests.swift */ = {isa = PBXFileReference; lastKnownFileType = sourcecode.swift; path = LendingLogbookTests.swift; sourceTree = "<group>"; };
		3D5901ED276FC92700373871 /* LendingLogbookUITests.xctest */ = {isa = PBXFileReference; explicitFileType = wrapper.cfbundle; includeInIndex = 0; path = LendingLogbookUITests.xctest; sourceTree = BUILT_PRODUCTS_DIR; };
		3D5901F1276FC92700373871 /* LendingLogbookUITests.swift */ = {isa = PBXFileReference; lastKnownFileType = sourcecode.swift; path = LendingLogbookUITests.swift; sourceTree = "<group>"; };
		3D5901F3276FC92700373871 /* LendingLogbookUITestsLaunchTests.swift */ = {isa = PBXFileReference; lastKnownFileType = sourcecode.swift; path = LendingLogbookUITestsLaunchTests.swift; sourceTree = "<group>"; };
		3D590203276FD16100373871 /* LentItemsListView.swift */ = {isa = PBXFileReference; lastKnownFileType = sourcecode.swift; path = LentItemsListView.swift; sourceTree = "<group>"; };
		3D590205276FD36000373871 /* LentItemVM.swift */ = {isa = PBXFileReference; lastKnownFileType = sourcecode.swift; path = LentItemVM.swift; sourceTree = "<group>"; };
		3D590207276FD91F00373871 /* LentItemDetailView.swift */ = {isa = PBXFileReference; lastKnownFileType = sourcecode.swift; path = LentItemDetailView.swift; sourceTree = "<group>"; };
		3D590209276FDDF200373871 /* SidebarMenuView.swift */ = {isa = PBXFileReference; lastKnownFileType = sourcecode.swift; path = SidebarMenuView.swift; sourceTree = "<group>"; };
		3DD36F022771E1DE002C333C /* LentItemListVM.swift */ = {isa = PBXFileReference; lastKnownFileType = sourcecode.swift; path = LentItemListVM.swift; sourceTree = "<group>"; };
/* End PBXFileReference section */

/* Begin PBXFrameworksBuildPhase section */
		3D5901D0276FC92500373871 /* Frameworks */ = {
			isa = PBXFrameworksBuildPhase;
			buildActionMask = 2147483647;
			files = (
			);
			runOnlyForDeploymentPostprocessing = 0;
		};
		3D5901E0276FC92700373871 /* Frameworks */ = {
			isa = PBXFrameworksBuildPhase;
			buildActionMask = 2147483647;
			files = (
			);
			runOnlyForDeploymentPostprocessing = 0;
		};
		3D5901EA276FC92700373871 /* Frameworks */ = {
			isa = PBXFrameworksBuildPhase;
			buildActionMask = 2147483647;
			files = (
			);
			runOnlyForDeploymentPostprocessing = 0;
		};
/* End PBXFrameworksBuildPhase section */

/* Begin PBXGroup section */
		3D5901CA276FC92500373871 = {
			isa = PBXGroup;
			children = (
				3D5901D5276FC92500373871 /* LendingLogbook */,
				3D5901E6276FC92700373871 /* LendingLogbookTests */,
				3D5901F0276FC92700373871 /* LendingLogbookUITests */,
				3D5901D4276FC92500373871 /* Products */,
			);
			sourceTree = "<group>";
		};
		3D5901D4276FC92500373871 /* Products */ = {
			isa = PBXGroup;
			children = (
				3D5901D3276FC92500373871 /* LendingLogbook.app */,
				3D5901E3276FC92700373871 /* LendingLogbookTests.xctest */,
				3D5901ED276FC92700373871 /* LendingLogbookUITests.xctest */,
			);
			name = Products;
			sourceTree = "<group>";
		};
		3D5901D5276FC92500373871 /* LendingLogbook */ = {
			isa = PBXGroup;
			children = (
				3D5901D6276FC92500373871 /* LendingLogbookApp.swift */,
				3D5901DA276FC92700373871 /* Assets.xcassets */,
				3D5901DC276FC92700373871 /* Preview Content */,
				3D590201276FD04700373871 /* Models */,
				3D590202276FD05100373871 /* ViewModels */,
				3D590200276FD02B00373871 /* Views */,
			);
			path = LendingLogbook;
			sourceTree = "<group>";
		};
		3D5901DC276FC92700373871 /* Preview Content */ = {
			isa = PBXGroup;
			children = (
				3D5901DD276FC92700373871 /* Preview Assets.xcassets */,
			);
			path = "Preview Content";
			sourceTree = "<group>";
		};
		3D5901E6276FC92700373871 /* LendingLogbookTests */ = {
			isa = PBXGroup;
			children = (
				3D5901E7276FC92700373871 /* LendingLogbookTests.swift */,
			);
			path = LendingLogbookTests;
			sourceTree = "<group>";
		};
		3D5901F0276FC92700373871 /* LendingLogbookUITests */ = {
			isa = PBXGroup;
			children = (
				3D5901F1276FC92700373871 /* LendingLogbookUITests.swift */,
				3D5901F3276FC92700373871 /* LendingLogbookUITestsLaunchTests.swift */,
			);
			path = LendingLogbookUITests;
			sourceTree = "<group>";
		};
		3D590200276FD02B00373871 /* Views */ = {
			isa = PBXGroup;
			children = (
				3D5901D8276FC92500373871 /* ContentView.swift */,
				3D590207276FD91F00373871 /* LentItemDetailView.swift */,
				3D590203276FD16100373871 /* LentItemsListView.swift */,
				3D590209276FDDF200373871 /* SidebarMenuView.swift */,
			);
			path = Views;
			sourceTree = "<group>";
		};
		3D590201276FD04700373871 /* Models */ = {
			isa = PBXGroup;
			children = (
				3D352D8E27709993000F8148 /* LentItemModel.swift */,
				3D5551F12770E9300007BE3E /* LentItemStoreModel.swift */,
			);
			path = Models;
			sourceTree = "<group>";
		};
		3D590202276FD05100373871 /* ViewModels */ = {
			isa = PBXGroup;
			children = (
				3DD36F022771E1DE002C333C /* LentItemListVM.swift */,
				3D590205276FD36000373871 /* LentItemVM.swift */,
			);
			path = ViewModels;
			sourceTree = "<group>";
		};
/* End PBXGroup section */

/* Begin PBXNativeTarget section */
		3D5901D2276FC92500373871 /* LendingLogbook */ = {
			isa = PBXNativeTarget;
			buildConfigurationList = 3D5901F7276FC92700373871 /* Build configuration list for PBXNativeTarget "LendingLogbook" */;
			buildPhases = (
				3D5901CF276FC92500373871 /* Sources */,
				3D5901D0276FC92500373871 /* Frameworks */,
				3D5901D1276FC92500373871 /* Resources */,
			);
			buildRules = (
			);
			dependencies = (
			);
			name = LendingLogbook;
			productName = LendingLogbook;
			productReference = 3D5901D3276FC92500373871 /* LendingLogbook.app */;
			productType = "com.apple.product-type.application";
		};
		3D5901E2276FC92700373871 /* LendingLogbookTests */ = {
			isa = PBXNativeTarget;
			buildConfigurationList = 3D5901FA276FC92700373871 /* Build configuration list for PBXNativeTarget "LendingLogbookTests" */;
			buildPhases = (
				3D5901DF276FC92700373871 /* Sources */,
				3D5901E0276FC92700373871 /* Frameworks */,
				3D5901E1276FC92700373871 /* Resources */,
			);
			buildRules = (
			);
			dependencies = (
				3D5901E5276FC92700373871 /* PBXTargetDependency */,
			);
			name = LendingLogbookTests;
			productName = LendingLogbookTests;
			productReference = 3D5901E3276FC92700373871 /* LendingLogbookTests.xctest */;
			productType = "com.apple.product-type.bundle.unit-test";
		};
		3D5901EC276FC92700373871 /* LendingLogbookUITests */ = {
			isa = PBXNativeTarget;
			buildConfigurationList = 3D5901FD276FC92700373871 /* Build configuration list for PBXNativeTarget "LendingLogbookUITests" */;
			buildPhases = (
				3D5901E9276FC92700373871 /* Sources */,
				3D5901EA276FC92700373871 /* Frameworks */,
				3D5901EB276FC92700373871 /* Resources */,
			);
			buildRules = (
			);
			dependencies = (
				3D5901EF276FC92700373871 /* PBXTargetDependency */,
			);
			name = LendingLogbookUITests;
			productName = LendingLogbookUITests;
			productReference = 3D5901ED276FC92700373871 /* LendingLogbookUITests.xctest */;
			productType = "com.apple.product-type.bundle.ui-testing";
		};
/* End PBXNativeTarget section */

/* Begin PBXProject section */
		3D5901CB276FC92500373871 /* Project object */ = {
			isa = PBXProject;
			attributes = {
				BuildIndependentTargetsInParallel = 1;
				LastSwiftUpdateCheck = 1310;
				LastUpgradeCheck = 1310;
				TargetAttributes = {
					3D5901D2276FC92500373871 = {
						CreatedOnToolsVersion = 13.1;
					};
					3D5901E2276FC92700373871 = {
						CreatedOnToolsVersion = 13.1;
						TestTargetID = 3D5901D2276FC92500373871;
					};
					3D5901EC276FC92700373871 = {
						CreatedOnToolsVersion = 13.1;
						TestTargetID = 3D5901D2276FC92500373871;
					};
				};
			};
			buildConfigurationList = 3D5901CE276FC92500373871 /* Build configuration list for PBXProject "LendingLogbook" */;
			compatibilityVersion = "Xcode 13.0";
			developmentRegion = en;
			hasScannedForEncodings = 0;
			knownRegions = (
				en,
				Base,
			);
			mainGroup = 3D5901CA276FC92500373871;
			productRefGroup = 3D5901D4276FC92500373871 /* Products */;
			projectDirPath = "";
			projectRoot = "";
			targets = (
				3D5901D2276FC92500373871 /* LendingLogbook */,
				3D5901E2276FC92700373871 /* LendingLogbookTests */,
				3D5901EC276FC92700373871 /* LendingLogbookUITests */,
			);
		};
/* End PBXProject section */

/* Begin PBXResourcesBuildPhase section */
		3D5901D1276FC92500373871 /* Resources */ = {
			isa = PBXResourcesBuildPhase;
			buildActionMask = 2147483647;
			files = (
				3D5901DE276FC92700373871 /* Preview Assets.xcassets in Resources */,
				3D5901DB276FC92700373871 /* Assets.xcassets in Resources */,
			);
			runOnlyForDeploymentPostprocessing = 0;
		};
		3D5901E1276FC92700373871 /* Resources */ = {
			isa = PBXResourcesBuildPhase;
			buildActionMask = 2147483647;
			files = (
			);
			runOnlyForDeploymentPostprocessing = 0;
		};
		3D5901EB276FC92700373871 /* Resources */ = {
			isa = PBXResourcesBuildPhase;
			buildActionMask = 2147483647;
			files = (
			);
			runOnlyForDeploymentPostprocessing = 0;
		};
/* End PBXResourcesBuildPhase section */

/* Begin PBXSourcesBuildPhase section */
		3D5901CF276FC92500373871 /* Sources */ = {
			isa = PBXSourcesBuildPhase;
			buildActionMask = 2147483647;
			files = (
				3D5901D9276FC92500373871 /* ContentView.swift in Sources */,
				3D590208276FD91F00373871 /* LentItemDetailView.swift in Sources */,
				3DD36F032771E1DE002C333C /* LentItemListVM.swift in Sources */,
				3D590204276FD16100373871 /* LentItemsListView.swift in Sources */,
				3D59020A276FDDF200373871 /* SidebarMenuView.swift in Sources */,
				3D5901D7276FC92500373871 /* LendingLogbookApp.swift in Sources */,
				3D5551F22770E9300007BE3E /* LentItemStoreModel.swift in Sources */,
				3D590206276FD36000373871 /* LentItemVM.swift in Sources */,
				3D352D8F27709993000F8148 /* LentItemModel.swift in Sources */,
			);
			runOnlyForDeploymentPostprocessing = 0;
		};
		3D5901DF276FC92700373871 /* Sources */ = {
			isa = PBXSourcesBuildPhase;
			buildActionMask = 2147483647;
			files = (
				3D5901E8276FC92700373871 /* LendingLogbookTests.swift in Sources */,
			);
			runOnlyForDeploymentPostprocessing = 0;
		};
		3D5901E9276FC92700373871 /* Sources */ = {
			isa = PBXSourcesBuildPhase;
			buildActionMask = 2147483647;
			files = (
				3D5901F4276FC92700373871 /* LendingLogbookUITestsLaunchTests.swift in Sources */,
				3D5901F2276FC92700373871 /* LendingLogbookUITests.swift in Sources */,
			);
			runOnlyForDeploymentPostprocessing = 0;
		};
/* End PBXSourcesBuildPhase section */

/* Begin PBXTargetDependency section */
		3D5901E5276FC92700373871 /* PBXTargetDependency */ = {
			isa = PBXTargetDependency;
			target = 3D5901D2276FC92500373871 /* LendingLogbook */;
			targetProxy = 3D5901E4276FC92700373871 /* PBXContainerItemProxy */;
		};
		3D5901EF276FC92700373871 /* PBXTargetDependency */ = {
			isa = PBXTargetDependency;
			target = 3D5901D2276FC92500373871 /* LendingLogbook */;
			targetProxy = 3D5901EE276FC92700373871 /* PBXContainerItemProxy */;
		};
/* End PBXTargetDependency section */

/* Begin XCBuildConfiguration section */
		3D5901F5276FC92700373871 /* Debug */ = {
			isa = XCBuildConfiguration;
			buildSettings = {
				ALWAYS_SEARCH_USER_PATHS = NO;
				CLANG_ANALYZER_NONNULL = YES;
				CLANG_ANALYZER_NUMBER_OBJECT_CONVERSION = YES_AGGRESSIVE;
				CLANG_CXX_LANGUAGE_STANDARD = "gnu++17";
				CLANG_CXX_LIBRARY = "libc++";
				CLANG_ENABLE_MODULES = YES;
				CLANG_ENABLE_OBJC_ARC = YES;
				CLANG_ENABLE_OBJC_WEAK = YES;
				CLANG_WARN_BLOCK_CAPTURE_AUTORELEASING = YES;
				CLANG_WARN_BOOL_CONVERSION = YES;
				CLANG_WARN_COMMA = YES;
				CLANG_WARN_CONSTANT_CONVERSION = YES;
				CLANG_WARN_DEPRECATED_OBJC_IMPLEMENTATIONS = YES;
				CLANG_WARN_DIRECT_OBJC_ISA_USAGE = YES_ERROR;
				CLANG_WARN_DOCUMENTATION_COMMENTS = YES;
				CLANG_WARN_EMPTY_BODY = YES;
				CLANG_WARN_ENUM_CONVERSION = YES;
				CLANG_WARN_INFINITE_RECURSION = YES;
				CLANG_WARN_INT_CONVERSION = YES;
				CLANG_WARN_NON_LITERAL_NULL_CONVERSION = YES;
				CLANG_WARN_OBJC_IMPLICIT_RETAIN_SELF = YES;
				CLANG_WARN_OBJC_LITERAL_CONVERSION = YES;
				CLANG_WARN_OBJC_ROOT_CLASS = YES_ERROR;
				CLANG_WARN_QUOTED_INCLUDE_IN_FRAMEWORK_HEADER = YES;
				CLANG_WARN_RANGE_LOOP_ANALYSIS = YES;
				CLANG_WARN_STRICT_PROTOTYPES = YES;
				CLANG_WARN_SUSPICIOUS_MOVE = YES;
				CLANG_WARN_UNGUARDED_AVAILABILITY = YES_AGGRESSIVE;
				CLANG_WARN_UNREACHABLE_CODE = YES;
				CLANG_WARN__DUPLICATE_METHOD_MATCH = YES;
				COPY_PHASE_STRIP = NO;
				DEBUG_INFORMATION_FORMAT = dwarf;
				ENABLE_STRICT_OBJC_MSGSEND = YES;
				ENABLE_TESTABILITY = YES;
				GCC_C_LANGUAGE_STANDARD = gnu11;
				GCC_DYNAMIC_NO_PIC = NO;
				GCC_NO_COMMON_BLOCKS = YES;
				GCC_OPTIMIZATION_LEVEL = 0;
				GCC_PREPROCESSOR_DEFINITIONS = (
					"DEBUG=1",
					"$(inherited)",
				);
				GCC_WARN_64_TO_32_BIT_CONVERSION = YES;
				GCC_WARN_ABOUT_RETURN_TYPE = YES_ERROR;
				GCC_WARN_UNDECLARED_SELECTOR = YES;
				GCC_WARN_UNINITIALIZED_AUTOS = YES_AGGRESSIVE;
				GCC_WARN_UNUSED_FUNCTION = YES;
				GCC_WARN_UNUSED_VARIABLE = YES;
				IPHONEOS_DEPLOYMENT_TARGET = 14.5;
				MTL_ENABLE_DEBUG_INFO = INCLUDE_SOURCE;
				MTL_FAST_MATH = YES;
				ONLY_ACTIVE_ARCH = YES;
				SDKROOT = iphoneos;
				SWIFT_ACTIVE_COMPILATION_CONDITIONS = DEBUG;
				SWIFT_OPTIMIZATION_LEVEL = "-Onone";
			};
			name = Debug;
		};
		3D5901F6276FC92700373871 /* Release */ = {
			isa = XCBuildConfiguration;
			buildSettings = {
				ALWAYS_SEARCH_USER_PATHS = NO;
				CLANG_ANALYZER_NONNULL = YES;
				CLANG_ANALYZER_NUMBER_OBJECT_CONVERSION = YES_AGGRESSIVE;
				CLANG_CXX_LANGUAGE_STANDARD = "gnu++17";
				CLANG_CXX_LIBRARY = "libc++";
				CLANG_ENABLE_MODULES = YES;
				CLANG_ENABLE_OBJC_ARC = YES;
				CLANG_ENABLE_OBJC_WEAK = YES;
				CLANG_WARN_BLOCK_CAPTURE_AUTORELEASING = YES;
				CLANG_WARN_BOOL_CONVERSION = YES;
				CLANG_WARN_COMMA = YES;
				CLANG_WARN_CONSTANT_CONVERSION = YES;
				CLANG_WARN_DEPRECATED_OBJC_IMPLEMENTATIONS = YES;
				CLANG_WARN_DIRECT_OBJC_ISA_USAGE = YES_ERROR;
				CLANG_WARN_DOCUMENTATION_COMMENTS = YES;
				CLANG_WARN_EMPTY_BODY = YES;
				CLANG_WARN_ENUM_CONVERSION = YES;
				CLANG_WARN_INFINITE_RECURSION = YES;
				CLANG_WARN_INT_CONVERSION = YES;
				CLANG_WARN_NON_LITERAL_NULL_CONVERSION = YES;
				CLANG_WARN_OBJC_IMPLICIT_RETAIN_SELF = YES;
				CLANG_WARN_OBJC_LITERAL_CONVERSION = YES;
				CLANG_WARN_OBJC_ROOT_CLASS = YES_ERROR;
				CLANG_WARN_QUOTED_INCLUDE_IN_FRAMEWORK_HEADER = YES;
				CLANG_WARN_RANGE_LOOP_ANALYSIS = YES;
				CLANG_WARN_STRICT_PROTOTYPES = YES;
				CLANG_WARN_SUSPICIOUS_MOVE = YES;
				CLANG_WARN_UNGUARDED_AVAILABILITY = YES_AGGRESSIVE;
				CLANG_WARN_UNREACHABLE_CODE = YES;
				CLANG_WARN__DUPLICATE_METHOD_MATCH = YES;
				COPY_PHASE_STRIP = NO;
				DEBUG_INFORMATION_FORMAT = "dwarf-with-dsym";
				ENABLE_NS_ASSERTIONS = NO;
				ENABLE_STRICT_OBJC_MSGSEND = YES;
				GCC_C_LANGUAGE_STANDARD = gnu11;
				GCC_NO_COMMON_BLOCKS = YES;
				GCC_WARN_64_TO_32_BIT_CONVERSION = YES;
				GCC_WARN_ABOUT_RETURN_TYPE = YES_ERROR;
				GCC_WARN_UNDECLARED_SELECTOR = YES;
				GCC_WARN_UNINITIALIZED_AUTOS = YES_AGGRESSIVE;
				GCC_WARN_UNUSED_FUNCTION = YES;
				GCC_WARN_UNUSED_VARIABLE = YES;
				IPHONEOS_DEPLOYMENT_TARGET = 14.5;
				MTL_ENABLE_DEBUG_INFO = NO;
				MTL_FAST_MATH = YES;
				SDKROOT = iphoneos;
				SWIFT_COMPILATION_MODE = wholemodule;
				SWIFT_OPTIMIZATION_LEVEL = "-O";
				VALIDATE_PRODUCT = YES;
			};
			name = Release;
		};
		3D5901F8276FC92700373871 /* Debug */ = {
			isa = XCBuildConfiguration;
			buildSettings = {
				ASSETCATALOG_COMPILER_APPICON_NAME = AppIcon;
				ASSETCATALOG_COMPILER_GLOBAL_ACCENT_COLOR_NAME = AccentColor;
				CODE_SIGN_STYLE = Automatic;
				CURRENT_PROJECT_VERSION = 1;
				DEVELOPMENT_ASSET_PATHS = "\"LendingLogbook/Preview Content\"";
				DEVELOPMENT_TEAM = 93YH69Z9HR;
				ENABLE_PREVIEWS = YES;
				GENERATE_INFOPLIST_FILE = YES;
				INFOPLIST_KEY_UIApplicationSceneManifest_Generation = YES;
				INFOPLIST_KEY_UIApplicationSupportsIndirectInputEvents = YES;
				INFOPLIST_KEY_UILaunchScreen_Generation = YES;
				INFOPLIST_KEY_UISupportedInterfaceOrientations = "UIInterfaceOrientationPortrait UIInterfaceOrientationLandscapeLeft UIInterfaceOrientationLandscapeRight";
				INFOPLIST_KEY_UISupportedInterfaceOrientations_iPad = "UIInterfaceOrientationPortrait UIInterfaceOrientationPortraitUpsideDown UIInterfaceOrientationLandscapeLeft UIInterfaceOrientationLandscapeRight";
				INFOPLIST_KEY_UISupportedInterfaceOrientations_iPhone = "UIInterfaceOrientationPortrait UIInterfaceOrientationLandscapeLeft UIInterfaceOrientationLandscapeRight";
				IPHONEOS_DEPLOYMENT_TARGET = 14.5;
				LD_RUNPATH_SEARCH_PATHS = (
					"$(inherited)",
					"@executable_path/Frameworks",
				);
				MARKETING_VERSION = 1.0;
				PRODUCT_BUNDLE_IDENTIFIER = WilliamMead.LendingLogbook;
				PRODUCT_NAME = LendingLogbook;
				SWIFT_EMIT_LOC_STRINGS = YES;
				SWIFT_VERSION = 5.0;
				TARGETED_DEVICE_FAMILY = "1,2";
			};
			name = Debug;
		};
		3D5901F9276FC92700373871 /* Release */ = {
			isa = XCBuildConfiguration;
			buildSettings = {
				ASSETCATALOG_COMPILER_APPICON_NAME = AppIcon;
				ASSETCATALOG_COMPILER_GLOBAL_ACCENT_COLOR_NAME = AccentColor;
				CODE_SIGN_STYLE = Automatic;
				CURRENT_PROJECT_VERSION = 1;
				DEVELOPMENT_ASSET_PATHS = "\"LendingLogbook/Preview Content\"";
				DEVELOPMENT_TEAM = 93YH69Z9HR;
				ENABLE_PREVIEWS = YES;
				GENERATE_INFOPLIST_FILE = YES;
				INFOPLIST_KEY_UIApplicationSceneManifest_Generation = YES;
				INFOPLIST_KEY_UIApplicationSupportsIndirectInputEvents = YES;
				INFOPLIST_KEY_UILaunchScreen_Generation = YES;
				INFOPLIST_KEY_UISupportedInterfaceOrientations = "UIInterfaceOrientationPortrait UIInterfaceOrientationLandscapeLeft UIInterfaceOrientationLandscapeRight";
				INFOPLIST_KEY_UISupportedInterfaceOrientations_iPad = "UIInterfaceOrientationPortrait UIInterfaceOrientationPortraitUpsideDown UIInterfaceOrientationLandscapeLeft UIInterfaceOrientationLandscapeRight";
				INFOPLIST_KEY_UISupportedInterfaceOrientations_iPhone = "UIInterfaceOrientationPortrait UIInterfaceOrientationLandscapeLeft UIInterfaceOrientationLandscapeRight";
				IPHONEOS_DEPLOYMENT_TARGET = 14.5;
				LD_RUNPATH_SEARCH_PATHS = (
					"$(inherited)",
					"@executable_path/Frameworks",
				);
				MARKETING_VERSION = 1.0;
				PRODUCT_BUNDLE_IDENTIFIER = WilliamMead.LendingLogbook;
				PRODUCT_NAME = LendingLogbook;
				SWIFT_EMIT_LOC_STRINGS = YES;
				SWIFT_VERSION = 5.0;
				TARGETED_DEVICE_FAMILY = "1,2";
			};
			name = Release;
		};
		3D5901FB276FC92700373871 /* Debug */ = {
			isa = XCBuildConfiguration;
			buildSettings = {
				ALWAYS_EMBED_SWIFT_STANDARD_LIBRARIES = YES;
				BUNDLE_LOADER = "$(TEST_HOST)";
				CODE_SIGN_STYLE = Automatic;
				CURRENT_PROJECT_VERSION = 1;
				DEVELOPMENT_TEAM = 93YH69Z9HR;
				GENERATE_INFOPLIST_FILE = YES;
				IPHONEOS_DEPLOYMENT_TARGET = 15.0;
				LD_RUNPATH_SEARCH_PATHS = (
					"$(inherited)",
					"@executable_path/Frameworks",
					"@loader_path/Frameworks",
				);
				MARKETING_VERSION = 1.0;
				PRODUCT_BUNDLE_IDENTIFIER = WilliamMead.LendingLogbookTests;
				PRODUCT_NAME = "$(TARGET_NAME)";
				SWIFT_EMIT_LOC_STRINGS = NO;
				SWIFT_VERSION = 5.0;
				TARGETED_DEVICE_FAMILY = "1,2";
				TEST_HOST = "$(BUILT_PRODUCTS_DIR)/LendingLogbook.app/LendingLogbook";
			};
			name = Debug;
		};
		3D5901FC276FC92700373871 /* Release */ = {
			isa = XCBuildConfiguration;
			buildSettings = {
				ALWAYS_EMBED_SWIFT_STANDARD_LIBRARIES = YES;
				BUNDLE_LOADER = "$(TEST_HOST)";
				CODE_SIGN_STYLE = Automatic;
				CURRENT_PROJECT_VERSION = 1;
				DEVELOPMENT_TEAM = 93YH69Z9HR;
				GENERATE_INFOPLIST_FILE = YES;
				IPHONEOS_DEPLOYMENT_TARGET = 15.0;
				LD_RUNPATH_SEARCH_PATHS = (
					"$(inherited)",
					"@executable_path/Frameworks",
					"@loader_path/Frameworks",
				);
				MARKETING_VERSION = 1.0;
				PRODUCT_BUNDLE_IDENTIFIER = WilliamMead.LendingLogbookTests;
				PRODUCT_NAME = "$(TARGET_NAME)";
				SWIFT_EMIT_LOC_STRINGS = NO;
				SWIFT_VERSION = 5.0;
				TARGETED_DEVICE_FAMILY = "1,2";
				TEST_HOST = "$(BUILT_PRODUCTS_DIR)/LendingLogbook.app/LendingLogbook";
			};
			name = Release;
		};
		3D5901FE276FC92700373871 /* Debug */ = {
			isa = XCBuildConfiguration;
			buildSettings = {
				ALWAYS_EMBED_SWIFT_STANDARD_LIBRARIES = YES;
				CODE_SIGN_STYLE = Automatic;
				CURRENT_PROJECT_VERSION = 1;
				DEVELOPMENT_TEAM = 93YH69Z9HR;
				GENERATE_INFOPLIST_FILE = YES;
				LD_RUNPATH_SEARCH_PATHS = (
					"$(inherited)",
					"@executable_path/Frameworks",
					"@loader_path/Frameworks",
				);
				MARKETING_VERSION = 1.0;
				PRODUCT_BUNDLE_IDENTIFIER = WilliamMead.LendingLogbookUITests;
				PRODUCT_NAME = "$(TARGET_NAME)";
				SWIFT_EMIT_LOC_STRINGS = NO;
				SWIFT_VERSION = 5.0;
				TARGETED_DEVICE_FAMILY = "1,2";
				TEST_TARGET_NAME = LendingLogbook;
			};
			name = Debug;
		};
		3D5901FF276FC92700373871 /* Release */ = {
			isa = XCBuildConfiguration;
			buildSettings = {
				ALWAYS_EMBED_SWIFT_STANDARD_LIBRARIES = YES;
				CODE_SIGN_STYLE = Automatic;
				CURRENT_PROJECT_VERSION = 1;
				DEVELOPMENT_TEAM = 93YH69Z9HR;
				GENERATE_INFOPLIST_FILE = YES;
				LD_RUNPATH_SEARCH_PATHS = (
					"$(inherited)",
					"@executable_path/Frameworks",
					"@loader_path/Frameworks",
				);
				MARKETING_VERSION = 1.0;
				PRODUCT_BUNDLE_IDENTIFIER = WilliamMead.LendingLogbookUITests;
				PRODUCT_NAME = "$(TARGET_NAME)";
				SWIFT_EMIT_LOC_STRINGS = NO;
				SWIFT_VERSION = 5.0;
				TARGETED_DEVICE_FAMILY = "1,2";
				TEST_TARGET_NAME = LendingLogbook;
			};
			name = Release;
		};
/* End XCBuildConfiguration section */

/* Begin XCConfigurationList section */
		3D5901CE276FC92500373871 /* Build configuration list for PBXProject "LendingLogbook" */ = {
			isa = XCConfigurationList;
			buildConfigurations = (
				3D5901F5276FC92700373871 /* Debug */,
				3D5901F6276FC92700373871 /* Release */,
			);
			defaultConfigurationIsVisible = 0;
			defaultConfigurationName = Release;
		};
		3D5901F7276FC92700373871 /* Build configuration list for PBXNativeTarget "LendingLogbook" */ = {
			isa = XCConfigurationList;
			buildConfigurations = (
				3D5901F8276FC92700373871 /* Debug */,
				3D5901F9276FC92700373871 /* Release */,
			);
			defaultConfigurationIsVisible = 0;
			defaultConfigurationName = Release;
		};
		3D5901FA276FC92700373871 /* Build configuration list for PBXNativeTarget "LendingLogbookTests" */ = {
			isa = XCConfigurationList;
			buildConfigurations = (
				3D5901FB276FC92700373871 /* Debug */,
				3D5901FC276FC92700373871 /* Release */,
			);
			defaultConfigurationIsVisible = 0;
			defaultConfigurationName = Release;
		};
		3D5901FD276FC92700373871 /* Build configuration list for PBXNativeTarget "LendingLogbookUITests" */ = {
			isa = XCConfigurationList;
			buildConfigurations = (
				3D5901FE276FC92700373871 /* Debug */,
				3D5901FF276FC92700373871 /* Release */,
			);
			defaultConfigurationIsVisible = 0;
			defaultConfigurationName = Release;
		};
/* End XCConfigurationList section */
	};
	rootObject = 3D5901CB276FC92500373871 /* Project object */;
}
